// !$*UTF8*$!
{
	archiveVersion = 1;
	classes = {
	};
	objectVersion = 46;
	objects = {

/* Begin PBXBuildFile section */
		D2A460DC1E667FD30013035F /* XL_wangluo.m in Sources */ = {isa = PBXBuildFile; fileRef = D2A460DB1E667FD30013035F /* XL_wangluo.m */; };
		D708AD801E567DDB00DFB98D /* RecordViewController.m in Sources */ = {isa = PBXBuildFile; fileRef = D708AD7F1E567DDB00DFB98D /* RecordViewController.m */; };
		D70ED4D11E57E1460045038C /* kq_w.png in Resources */ = {isa = PBXBuildFile; fileRef = D70ED4D01E57E1460045038C /* kq_w.png */; };
		D70ED4D31E57E1970045038C /* kq_y.png in Resources */ = {isa = PBXBuildFile; fileRef = D70ED4D21E57E1970045038C /* kq_y.png */; };
		D70ED4D61E57E2BB0045038C /* kczx_y.png in Resources */ = {isa = PBXBuildFile; fileRef = D70ED4D41E57E2BB0045038C /* kczx_y.png */; };
		D70ED4D71E57E2BB0045038C /* kczx_w.png in Resources */ = {isa = PBXBuildFile; fileRef = D70ED4D51E57E2BB0045038C /* kczx_w.png */; };
		D70ED4DA1E57E3150045038C /* grzx_y.png in Resources */ = {isa = PBXBuildFile; fileRef = D70ED4D81E57E3150045038C /* grzx_y.png */; };
		D70ED4DB1E57E3150045038C /* grzx_w.png in Resources */ = {isa = PBXBuildFile; fileRef = D70ED4D91E57E3150045038C /* grzx_w.png */; };
		D70ED4DE1E57E3670045038C /* xxda_y.png in Resources */ = {isa = PBXBuildFile; fileRef = D70ED4DC1E57E3670045038C /* xxda_y.png */; };
		D70ED4DF1E57E3670045038C /* xxda_w.png in Resources */ = {isa = PBXBuildFile; fileRef = D70ED4DD1E57E3670045038C /* xxda_w.png */; };
		D7217BDF1E5A7BD900AE9C89 /* MBProgressHUD.m in Sources */ = {isa = PBXBuildFile; fileRef = D7217BDC1E5A7BD900AE9C89 /* MBProgressHUD.m */; };
		D7217BE01E5A7BD900AE9C89 /* WarningBox.m in Sources */ = {isa = PBXBuildFile; fileRef = D7217BDE1E5A7BD900AE9C89 /* WarningBox.m */; };
		D7217BE31E5A7BF500AE9C89 /* Color+Hex.m in Sources */ = {isa = PBXBuildFile; fileRef = D7217BE21E5A7BF500AE9C89 /* Color+Hex.m */; };
		D7217BF21E5A7E1E00AE9C89 /* AFHTTPSessionManager.m in Sources */ = {isa = PBXBuildFile; fileRef = D7217BE61E5A7E1E00AE9C89 /* AFHTTPSessionManager.m */; };
		D7217BF31E5A7E1E00AE9C89 /* AFNetworkReachabilityManager.m in Sources */ = {isa = PBXBuildFile; fileRef = D7217BE91E5A7E1E00AE9C89 /* AFNetworkReachabilityManager.m */; };
		D7217BF41E5A7E1E00AE9C89 /* AFSecurityPolicy.m in Sources */ = {isa = PBXBuildFile; fileRef = D7217BEB1E5A7E1E00AE9C89 /* AFSecurityPolicy.m */; };
		D7217BF51E5A7E1E00AE9C89 /* AFURLRequestSerialization.m in Sources */ = {isa = PBXBuildFile; fileRef = D7217BED1E5A7E1E00AE9C89 /* AFURLRequestSerialization.m */; };
		D7217BF61E5A7E1E00AE9C89 /* AFURLResponseSerialization.m in Sources */ = {isa = PBXBuildFile; fileRef = D7217BEF1E5A7E1E00AE9C89 /* AFURLResponseSerialization.m */; };
		D7217BF71E5A7E1E00AE9C89 /* AFURLSessionManager.m in Sources */ = {isa = PBXBuildFile; fileRef = D7217BF11E5A7E1E00AE9C89 /* AFURLSessionManager.m */; };
		D7217C121E5A7E2700AE9C89 /* NSObject+SBJson.m in Sources */ = {isa = PBXBuildFile; fileRef = D7217BFA1E5A7E2700AE9C89 /* NSObject+SBJson.m */; };
		D7217C131E5A7E2700AE9C89 /* SBJsonParser.m in Sources */ = {isa = PBXBuildFile; fileRef = D7217BFD1E5A7E2700AE9C89 /* SBJsonParser.m */; };
		D7217C141E5A7E2700AE9C89 /* SBJsonStreamParser.m in Sources */ = {isa = PBXBuildFile; fileRef = D7217BFF1E5A7E2700AE9C89 /* SBJsonStreamParser.m */; };
		D7217C151E5A7E2700AE9C89 /* SBJsonStreamParserAccumulator.m in Sources */ = {isa = PBXBuildFile; fileRef = D7217C011E5A7E2700AE9C89 /* SBJsonStreamParserAccumulator.m */; };
		D7217C161E5A7E2700AE9C89 /* SBJsonStreamParserAdapter.m in Sources */ = {isa = PBXBuildFile; fileRef = D7217C031E5A7E2700AE9C89 /* SBJsonStreamParserAdapter.m */; };
		D7217C171E5A7E2700AE9C89 /* SBJsonStreamParserState.m in Sources */ = {isa = PBXBuildFile; fileRef = D7217C051E5A7E2700AE9C89 /* SBJsonStreamParserState.m */; };
		D7217C181E5A7E2700AE9C89 /* SBJsonStreamWriter.m in Sources */ = {isa = PBXBuildFile; fileRef = D7217C071E5A7E2700AE9C89 /* SBJsonStreamWriter.m */; };
		D7217C191E5A7E2700AE9C89 /* SBJsonStreamWriterAccumulator.m in Sources */ = {isa = PBXBuildFile; fileRef = D7217C091E5A7E2700AE9C89 /* SBJsonStreamWriterAccumulator.m */; };
		D7217C1A1E5A7E2700AE9C89 /* SBJsonStreamWriterState.m in Sources */ = {isa = PBXBuildFile; fileRef = D7217C0B1E5A7E2700AE9C89 /* SBJsonStreamWriterState.m */; };
		D7217C1B1E5A7E2700AE9C89 /* SBJsonTokeniser.m in Sources */ = {isa = PBXBuildFile; fileRef = D7217C0D1E5A7E2700AE9C89 /* SBJsonTokeniser.m */; };
		D7217C1C1E5A7E2700AE9C89 /* SBJsonUTF8Stream.m in Sources */ = {isa = PBXBuildFile; fileRef = D7217C0F1E5A7E2700AE9C89 /* SBJsonUTF8Stream.m */; };
		D7217C1D1E5A7E2700AE9C89 /* SBJsonWriter.m in Sources */ = {isa = PBXBuildFile; fileRef = D7217C111E5A7E2700AE9C89 /* SBJsonWriter.m */; };
		D7217C401E5A7E2E00AE9C89 /* MKAnnotationView+WebCache.m in Sources */ = {isa = PBXBuildFile; fileRef = D7217C201E5A7E2E00AE9C89 /* MKAnnotationView+WebCache.m */; };
		D7217C411E5A7E2E00AE9C89 /* NSData+ImageContentType.m in Sources */ = {isa = PBXBuildFile; fileRef = D7217C221E5A7E2E00AE9C89 /* NSData+ImageContentType.m */; };
		D7217C421E5A7E2E00AE9C89 /* SDImageCache.m in Sources */ = {isa = PBXBuildFile; fileRef = D7217C241E5A7E2E00AE9C89 /* SDImageCache.m */; };
		D7217C431E5A7E2E00AE9C89 /* SDWebImageCompat.m in Sources */ = {isa = PBXBuildFile; fileRef = D7217C261E5A7E2E00AE9C89 /* SDWebImageCompat.m */; };
		D7217C441E5A7E2E00AE9C89 /* SDWebImageDecoder.m in Sources */ = {isa = PBXBuildFile; fileRef = D7217C281E5A7E2E00AE9C89 /* SDWebImageDecoder.m */; };
		D7217C451E5A7E2E00AE9C89 /* SDWebImageDownloader.m in Sources */ = {isa = PBXBuildFile; fileRef = D7217C2A1E5A7E2E00AE9C89 /* SDWebImageDownloader.m */; };
		D7217C461E5A7E2E00AE9C89 /* SDWebImageDownloaderOperation.m in Sources */ = {isa = PBXBuildFile; fileRef = D7217C2C1E5A7E2E00AE9C89 /* SDWebImageDownloaderOperation.m */; };
		D7217C471E5A7E2E00AE9C89 /* SDWebImageManager.m in Sources */ = {isa = PBXBuildFile; fileRef = D7217C2E1E5A7E2E00AE9C89 /* SDWebImageManager.m */; };
		D7217C481E5A7E2E00AE9C89 /* SDWebImagePrefetcher.m in Sources */ = {isa = PBXBuildFile; fileRef = D7217C311E5A7E2E00AE9C89 /* SDWebImagePrefetcher.m */; };
		D7217C491E5A7E2E00AE9C89 /* UIButton+WebCache.m in Sources */ = {isa = PBXBuildFile; fileRef = D7217C331E5A7E2E00AE9C89 /* UIButton+WebCache.m */; };
		D7217C4A1E5A7E2E00AE9C89 /* UIImage+GIF.m in Sources */ = {isa = PBXBuildFile; fileRef = D7217C351E5A7E2E00AE9C89 /* UIImage+GIF.m */; };
		D7217C4B1E5A7E2E00AE9C89 /* UIImage+MultiFormat.m in Sources */ = {isa = PBXBuildFile; fileRef = D7217C371E5A7E2E00AE9C89 /* UIImage+MultiFormat.m */; };
		D7217C4C1E5A7E2E00AE9C89 /* UIImage+WebP.m in Sources */ = {isa = PBXBuildFile; fileRef = D7217C391E5A7E2E00AE9C89 /* UIImage+WebP.m */; };
		D7217C4D1E5A7E2E00AE9C89 /* UIImageView+HighlightedWebCache.m in Sources */ = {isa = PBXBuildFile; fileRef = D7217C3B1E5A7E2E00AE9C89 /* UIImageView+HighlightedWebCache.m */; };
		D7217C4E1E5A7E2E00AE9C89 /* UIImageView+WebCache.m in Sources */ = {isa = PBXBuildFile; fileRef = D7217C3D1E5A7E2E00AE9C89 /* UIImageView+WebCache.m */; };
		D7217C4F1E5A7E2E00AE9C89 /* UIView+WebCacheOperation.m in Sources */ = {isa = PBXBuildFile; fileRef = D7217C3F1E5A7E2E00AE9C89 /* UIView+WebCacheOperation.m */; };
		D7217C531E5A956900AE9C89 /* StuRecordViewController.m in Sources */ = {isa = PBXBuildFile; fileRef = D7217C521E5A956900AE9C89 /* StuRecordViewController.m */; };
		D7217C581E5AC62000AE9C89 /* ExplainViewController.m in Sources */ = {isa = PBXBuildFile; fileRef = D7217C571E5AC62000AE9C89 /* ExplainViewController.m */; };
		D72447321E5290E8003DBCE4 /* main.m in Sources */ = {isa = PBXBuildFile; fileRef = D72447311E5290E8003DBCE4 /* main.m */; };
		D72447351E5290E8003DBCE4 /* AppDelegate.m in Sources */ = {isa = PBXBuildFile; fileRef = D72447341E5290E8003DBCE4 /* AppDelegate.m */; };
		D72447381E5290E8003DBCE4 /* ViewController.m in Sources */ = {isa = PBXBuildFile; fileRef = D72447371E5290E8003DBCE4 /* ViewController.m */; };
		D724473B1E5290E8003DBCE4 /* Main.storyboard in Resources */ = {isa = PBXBuildFile; fileRef = D72447391E5290E8003DBCE4 /* Main.storyboard */; };
		D724473D1E5290E8003DBCE4 /* Assets.xcassets in Resources */ = {isa = PBXBuildFile; fileRef = D724473C1E5290E8003DBCE4 /* Assets.xcassets */; };
		D72447401E5290E8003DBCE4 /* LaunchScreen.storyboard in Resources */ = {isa = PBXBuildFile; fileRef = D724473E1E5290E8003DBCE4 /* LaunchScreen.storyboard */; };
		D724474B1E5290E8003DBCE4 /* BoYuanJiaoYuTests.m in Sources */ = {isa = PBXBuildFile; fileRef = D724474A1E5290E8003DBCE4 /* BoYuanJiaoYuTests.m */; };
		D72447561E5290E8003DBCE4 /* BoYuanJiaoYuUITests.m in Sources */ = {isa = PBXBuildFile; fileRef = D72447551E5290E8003DBCE4 /* BoYuanJiaoYuUITests.m */; };
		D724478F1E52D521003DBCE4 /* 考勤背景.png in Resources */ = {isa = PBXBuildFile; fileRef = D72447641E52D521003DBCE4 /* 考勤背景.png */; };
		D72447901E52D522003DBCE4 /* 课程-背景.png in Resources */ = {isa = PBXBuildFile; fileRef = D72447651E52D521003DBCE4 /* 课程-背景.png */; };
		D72447911E52D522003DBCE4 /* 课程-查看详情.png in Resources */ = {isa = PBXBuildFile; fileRef = D72447661E52D521003DBCE4 /* 课程-查看详情.png */; };
		D72447921E52D522003DBCE4 /* 课程-查看详情2.png in Resources */ = {isa = PBXBuildFile; fileRef = D72447671E52D521003DBCE4 /* 课程-查看详情2.png */; };
		D72447931E52D522003DBCE4 /* 课程-老师.png in Resources */ = {isa = PBXBuildFile; fileRef = D72447681E52D521003DBCE4 /* 课程-老师.png */; };
		D72447941E52D522003DBCE4 /* 课程-老师2.png in Resources */ = {isa = PBXBuildFile; fileRef = D72447691E52D521003DBCE4 /* 课程-老师2.png */; };
		D72447951E52D522003DBCE4 /* 课程-年级.png in Resources */ = {isa = PBXBuildFile; fileRef = D724476A1E52D521003DBCE4 /* 课程-年级.png */; };
		D72447961E52D522003DBCE4 /* 课程-年级2.png in Resources */ = {isa = PBXBuildFile; fileRef = D724476B1E52D521003DBCE4 /* 课程-年级2.png */; };
		D72447971E52D522003DBCE4 /* 课程-已报名.png in Resources */ = {isa = PBXBuildFile; fileRef = D724476C1E52D521003DBCE4 /* 课程-已报名.png */; };
		D72447981E52D522003DBCE4 /* 课程-已报名2.png in Resources */ = {isa = PBXBuildFile; fileRef = D724476D1E52D521003DBCE4 /* 课程-已报名2.png */; };
		D72447991E52D522003DBCE4 /* 没课.png in Resources */ = {isa = PBXBuildFile; fileRef = D724476E1E52D521003DBCE4 /* 没课.png */; };
		D724479A1E52D522003DBCE4 /* 微博.png in Resources */ = {isa = PBXBuildFile; fileRef = D724476F1E52D521003DBCE4 /* 微博.png */; };
		D724479B1E52D522003DBCE4 /* 微信.png in Resources */ = {isa = PBXBuildFile; fileRef = D72447701E52D521003DBCE4 /* 微信.png */; };
		D724479C1E52D522003DBCE4 /* 下箭头.png in Resources */ = {isa = PBXBuildFile; fileRef = D72447711E52D521003DBCE4 /* 下箭头.png */; };
		D724479D1E52D522003DBCE4 /* 邀请家人弹窗.png in Resources */ = {isa = PBXBuildFile; fileRef = D72447721E52D521003DBCE4 /* 邀请家人弹窗.png */; };
		D724479E1E52D522003DBCE4 /* attendance_history.png in Resources */ = {isa = PBXBuildFile; fileRef = D72447731E52D521003DBCE4 /* attendance_history.png */; };
		D72447A01E52D522003DBCE4 /* cuoti.png in Resources */ = {isa = PBXBuildFile; fileRef = D72447751E52D521003DBCE4 /* cuoti.png */; };
		D72447A11E52D522003DBCE4 /* edit.png in Resources */ = {isa = PBXBuildFile; fileRef = D72447761E52D521003DBCE4 /* edit.png */; };
		D72447A21E52D522003DBCE4 /* family.png in Resources */ = {isa = PBXBuildFile; fileRef = D72447771E52D521003DBCE4 /* family.png */; };
		D72447A31E52D522003DBCE4 /* fankui.png in Resources */ = {isa = PBXBuildFile; fileRef = D72447781E52D521003DBCE4 /* fankui.png */; };
		D72447A61E52D522003DBCE4 /* gunayu.png in Resources */ = {isa = PBXBuildFile; fileRef = D724477B1E52D521003DBCE4 /* gunayu.png */; };
		D72447A71E52D522003DBCE4 /* head.png in Resources */ = {isa = PBXBuildFile; fileRef = D724477C1E52D521003DBCE4 /* head.png */; };
		D72447A81E52D522003DBCE4 /* item_beizhu.png in Resources */ = {isa = PBXBuildFile; fileRef = D724477D1E52D521003DBCE4 /* item_beizhu.png */; };
		D72447A91E52D522003DBCE4 /* item_teacher.png in Resources */ = {isa = PBXBuildFile; fileRef = D724477E1E52D521003DBCE4 /* item_teacher.png */; };
		D72447AA1E52D522003DBCE4 /* item_time.png in Resources */ = {isa = PBXBuildFile; fileRef = D724477F1E52D521003DBCE4 /* item_time.png */; };
		D72447AF1E52D522003DBCE4 /* modify_ password.png in Resources */ = {isa = PBXBuildFile; fileRef = D72447841E52D521003DBCE4 /* modify_ password.png */; };
		D72447B11E52D522003DBCE4 /* password.png in Resources */ = {isa = PBXBuildFile; fileRef = D72447861E52D521003DBCE4 /* password.png */; };
		D72447B21E52D522003DBCE4 /* QQ.png in Resources */ = {isa = PBXBuildFile; fileRef = D72447871E52D521003DBCE4 /* QQ.png */; };
		D72447B31E52D522003DBCE4 /* teacher.png in Resources */ = {isa = PBXBuildFile; fileRef = D72447881E52D521003DBCE4 /* teacher.png */; };
		D72447B41E52D522003DBCE4 /* update.png in Resources */ = {isa = PBXBuildFile; fileRef = D72447891E52D521003DBCE4 /* update.png */; };
		D72447B51E52D522003DBCE4 /* user.png in Resources */ = {isa = PBXBuildFile; fileRef = D724478A1E52D521003DBCE4 /* user.png */; };
		D72447B61E52D522003DBCE4 /* xuexi_bg.png in Resources */ = {isa = PBXBuildFile; fileRef = D724478B1E52D521003DBCE4 /* xuexi_bg.png */; };
		D72447BD1E52E5A8003DBCE4 /* AttendanceViewController.m in Sources */ = {isa = PBXBuildFile; fileRef = D72447BC1E52E5A8003DBCE4 /* AttendanceViewController.m */; };
		D72447C01E52E5C2003DBCE4 /* AttenHistoryViewController.m in Sources */ = {isa = PBXBuildFile; fileRef = D72447BF1E52E5C2003DBCE4 /* AttenHistoryViewController.m */; };
		D72447C31E52F439003DBCE4 /* TabBarViewController.m in Sources */ = {isa = PBXBuildFile; fileRef = D72447C21E52F439003DBCE4 /* TabBarViewController.m */; };
		D72447C51E52F527003DBCE4 /* back@2x.png in Resources */ = {isa = PBXBuildFile; fileRef = D72447C41E52F527003DBCE4 /* back@2x.png */; };
		D728BA821E61161E000FFF4F /* BackInfoViewController.m in Sources */ = {isa = PBXBuildFile; fileRef = D728BA811E61161E000FFF4F /* BackInfoViewController.m */; };
		D729DD351E53E51500A67C07 /* banyuan.png in Resources */ = {isa = PBXBuildFile; fileRef = D729DD341E53E51500A67C07 /* banyuan.png */; };
		D729DD3B1E53FC5B00A67C07 /* OwnerViewController.m in Sources */ = {isa = PBXBuildFile; fileRef = D729DD3A1E53FC5B00A67C07 /* OwnerViewController.m */; };
		D729DD3E1E541B1100A67C07 /* ClassCenterViewController.m in Sources */ = {isa = PBXBuildFile; fileRef = D729DD3D1E541B1100A67C07 /* ClassCenterViewController.m */; };
		D729DD421E542BEF00A67C07 /* ClassInfoViewController.m in Sources */ = {isa = PBXBuildFile; fileRef = D729DD411E542BEF00A67C07 /* ClassInfoViewController.m */; };
		D72B31A91E5FC5870092B9C2 /* 更换手机号.png in Resources */ = {isa = PBXBuildFile; fileRef = D72B31A41E5FC5870092B9C2 /* 更换手机号.png */; };
		D72B31AA1E5FC5870092B9C2 /* 无错题.png in Resources */ = {isa = PBXBuildFile; fileRef = D72B31A51E5FC5870092B9C2 /* 无错题.png */; };
		D72B31AB1E5FC5870092B9C2 /* 无反馈.png in Resources */ = {isa = PBXBuildFile; fileRef = D72B31A61E5FC5870092B9C2 /* 无反馈.png */; };
		D72B31AC1E5FC5870092B9C2 /* 无考勤.png in Resources */ = {isa = PBXBuildFile; fileRef = D72B31A71E5FC5870092B9C2 /* 无考勤.png */; };
		D72B31AD1E5FC5870092B9C2 /* 无历史.png in Resources */ = {isa = PBXBuildFile; fileRef = D72B31A81E5FC5870092B9C2 /* 无历史.png */; };
		D72B31B11E5FD46C0092B9C2 /* NoteListViewController.m in Sources */ = {isa = PBXBuildFile; fileRef = D72B31B01E5FD46C0092B9C2 /* NoteListViewController.m */; };
		D72B31B41E5FD47E0092B9C2 /* NoteInfoViewController.m in Sources */ = {isa = PBXBuildFile; fileRef = D72B31B31E5FD47E0092B9C2 /* NoteInfoViewController.m */; };
		D72EE6B91E7A2BE60057FBEC /* 新消息提示-2.png in Resources */ = {isa = PBXBuildFile; fileRef = D72EE6B81E7A2BE60057FBEC /* 新消息提示-2.png */; };
		D72F75B01E669C44004FBCA6 /* SetPassViewController.m in Sources */ = {isa = PBXBuildFile; fileRef = D72F75AF1E669C44004FBCA6 /* SetPassViewController.m */; };
		D72F75B41E669C5F004FBCA6 /* ChangePhoneViewController.m in Sources */ = {isa = PBXBuildFile; fileRef = D72F75B31E669C5F004FBCA6 /* ChangePhoneViewController.m */; };
		D72F75B71E66BBB8004FBCA6 /* AttHisInfoViewController.m in Sources */ = {isa = PBXBuildFile; fileRef = D72F75B61E66BBB8004FBCA6 /* AttHisInfoViewController.m */; };
		D7308B811E5D228C00FF19CD /* next.png in Resources */ = {isa = PBXBuildFile; fileRef = D7308B801E5D228C00FF19CD /* next.png */; };
		D73180D71E5C384600C85384 /* StuInfoTableViewController.m in Sources */ = {isa = PBXBuildFile; fileRef = D73180D61E5C384600C85384 /* StuInfoTableViewController.m */; };
		D7343ACE1E6FD5FC00DDBCAC /* MyCollectionViewCell.m in Sources */ = {isa = PBXBuildFile; fileRef = D7343ACD1E6FD5FC00DDBCAC /* MyCollectionViewCell.m */; };
		D749C6CF1EB8523200D19AE7 /* 通知详情.png in Resources */ = {isa = PBXBuildFile; fileRef = D749C6CE1EB8523200D19AE7 /* 通知详情.png */; };
		D749C6D11EB8528000D19AE7 /* 通知列表小标.png in Resources */ = {isa = PBXBuildFile; fileRef = D749C6D01EB8528000D19AE7 /* 通知列表小标.png */; };
		D749C6D31EB8609600D19AE7 /* 试题背景.png in Resources */ = {isa = PBXBuildFile; fileRef = D749C6D21EB8609600D19AE7 /* 试题背景.png */; };
		D749C6D51EB8623800D19AE7 /* 消息背景.png in Resources */ = {isa = PBXBuildFile; fileRef = D749C6D41EB8623800D19AE7 /* 消息背景.png */; };
		D75DB9501E8B3C51001A746C /* jcore-ios-1.1.1.a in Frameworks */ = {isa = PBXBuildFile; fileRef = D75DB94D1E8B3C51001A746C /* jcore-ios-1.1.1.a */; };
		D75DB9511E8B3C51001A746C /* jpush-ios-3.0.2.a in Frameworks */ = {isa = PBXBuildFile; fileRef = D75DB94E1E8B3C51001A746C /* jpush-ios-3.0.2.a */; };
		D75DB9541E8B3CB4001A746C /* CFNetwork.framework in Frameworks */ = {isa = PBXBuildFile; fileRef = D75DB9531E8B3CB4001A746C /* CFNetwork.framework */; };
		D75DB9561E8B3CBF001A746C /* CoreFoundation.framework in Frameworks */ = {isa = PBXBuildFile; fileRef = D75DB9551E8B3CBF001A746C /* CoreFoundation.framework */; };
		D75DB9581E8B3CCD001A746C /* CoreTelephony.framework in Frameworks */ = {isa = PBXBuildFile; fileRef = D75DB9571E8B3CCD001A746C /* CoreTelephony.framework */; };
		D75DB95A1E8B3CD6001A746C /* SystemConfiguration.framework in Frameworks */ = {isa = PBXBuildFile; fileRef = D75DB9591E8B3CD6001A746C /* SystemConfiguration.framework */; };
		D75DB95C1E8B3CDD001A746C /* CoreGraphics.framework in Frameworks */ = {isa = PBXBuildFile; fileRef = D75DB95B1E8B3CDD001A746C /* CoreGraphics.framework */; };
		D75DB95E1E8B3CE4001A746C /* Foundation.framework in Frameworks */ = {isa = PBXBuildFile; fileRef = D75DB95D1E8B3CE4001A746C /* Foundation.framework */; };
		D75DB9601E8B3CF3001A746C /* UIKit.framework in Frameworks */ = {isa = PBXBuildFile; fileRef = D75DB95F1E8B3CF3001A746C /* UIKit.framework */; };
		D75DB9621E8B3CFC001A746C /* Security.framework in Frameworks */ = {isa = PBXBuildFile; fileRef = D75DB9611E8B3CFC001A746C /* Security.framework */; };
		D75DB9641E8B3D07001A746C /* libz.tbd in Frameworks */ = {isa = PBXBuildFile; fileRef = D75DB9631E8B3D07001A746C /* libz.tbd */; };
		D75DB9661E8B3D21001A746C /* UserNotifications.framework in Frameworks */ = {isa = PBXBuildFile; fileRef = D75DB9651E8B3D21001A746C /* UserNotifications.framework */; };
		D75DB9681E8B3D2D001A746C /* libresolv.tbd in Frameworks */ = {isa = PBXBuildFile; fileRef = D75DB9671E8B3D2D001A746C /* libresolv.tbd */; };
		D75DB96A1E8B3D46001A746C /* AdSupport.framework in Frameworks */ = {isa = PBXBuildFile; fileRef = D75DB9691E8B3D46001A746C /* AdSupport.framework */; };
		D75F6DBA1E76433C00037E3E /* RecordInfoViewController.m in Sources */ = {isa = PBXBuildFile; fileRef = D75F6DB91E76433C00037E3E /* RecordInfoViewController.m */; };
		D7F3B0D41E554C8E00FA620D /* FeedBackViewController.m in Sources */ = {isa = PBXBuildFile; fileRef = D7F3B0D31E554C8E00FA620D /* FeedBackViewController.m */; };
		D7F3B0DB1E557A3400FA620D /* ceshi.png in Resources */ = {isa = PBXBuildFile; fileRef = D7F3B0D91E557A3400FA620D /* ceshi.png */; };
		D7F3B0DC1E557A3400FA620D /* zuoye.png in Resources */ = {isa = PBXBuildFile; fileRef = D7F3B0DA1E557A3400FA620D /* zuoye.png */; };
/* End PBXBuildFile section */

/* Begin PBXContainerItemProxy section */
		D72447471E5290E8003DBCE4 /* PBXContainerItemProxy */ = {
			isa = PBXContainerItemProxy;
			containerPortal = D72447251E5290E8003DBCE4 /* Project object */;
			proxyType = 1;
			remoteGlobalIDString = D724472C1E5290E8003DBCE4;
			remoteInfo = BoYuanJiaoYu;
		};
		D72447521E5290E8003DBCE4 /* PBXContainerItemProxy */ = {
			isa = PBXContainerItemProxy;
			containerPortal = D72447251E5290E8003DBCE4 /* Project object */;
			proxyType = 1;
			remoteGlobalIDString = D724472C1E5290E8003DBCE4;
			remoteInfo = BoYuanJiaoYu;
		};
/* End PBXContainerItemProxy section */

/* Begin PBXFileReference section */
		D2A460D91E667E0A0013035F /* HongDingYi.h */ = {isa = PBXFileReference; lastKnownFileType = sourcecode.c.h; path = HongDingYi.h; sourceTree = "<group>"; };
		D2A460DA1E667FD30013035F /* XL_wangluo.h */ = {isa = PBXFileReference; fileEncoding = 4; lastKnownFileType = sourcecode.c.h; path = XL_wangluo.h; sourceTree = "<group>"; };
		D2A460DB1E667FD30013035F /* XL_wangluo.m */ = {isa = PBXFileReference; fileEncoding = 4; lastKnownFileType = sourcecode.c.objc; path = XL_wangluo.m; sourceTree = "<group>"; };
		D708AD7E1E567DDB00DFB98D /* RecordViewController.h */ = {isa = PBXFileReference; fileEncoding = 4; lastKnownFileType = sourcecode.c.h; path = RecordViewController.h; sourceTree = "<group>"; };
		D708AD7F1E567DDB00DFB98D /* RecordViewController.m */ = {isa = PBXFileReference; fileEncoding = 4; lastKnownFileType = sourcecode.c.objc; path = RecordViewController.m; sourceTree = "<group>"; };
		D70ED4D01E57E1460045038C /* kq_w.png */ = {isa = PBXFileReference; lastKnownFileType = image.png; path = kq_w.png; sourceTree = "<group>"; };
		D70ED4D21E57E1970045038C /* kq_y.png */ = {isa = PBXFileReference; lastKnownFileType = image.png; path = kq_y.png; sourceTree = "<group>"; };
		D70ED4D41E57E2BB0045038C /* kczx_y.png */ = {isa = PBXFileReference; lastKnownFileType = image.png; path = kczx_y.png; sourceTree = "<group>"; };
		D70ED4D51E57E2BB0045038C /* kczx_w.png */ = {isa = PBXFileReference; lastKnownFileType = image.png; path = kczx_w.png; sourceTree = "<group>"; };
		D70ED4D81E57E3150045038C /* grzx_y.png */ = {isa = PBXFileReference; lastKnownFileType = image.png; path = grzx_y.png; sourceTree = "<group>"; };
		D70ED4D91E57E3150045038C /* grzx_w.png */ = {isa = PBXFileReference; lastKnownFileType = image.png; path = grzx_w.png; sourceTree = "<group>"; };
		D70ED4DC1E57E3670045038C /* xxda_y.png */ = {isa = PBXFileReference; lastKnownFileType = image.png; path = xxda_y.png; sourceTree = "<group>"; };
		D70ED4DD1E57E3670045038C /* xxda_w.png */ = {isa = PBXFileReference; lastKnownFileType = image.png; path = xxda_w.png; sourceTree = "<group>"; };
		D7217BDB1E5A7BD900AE9C89 /* MBProgressHUD.h */ = {isa = PBXFileReference; fileEncoding = 4; lastKnownFileType = sourcecode.c.h; path = MBProgressHUD.h; sourceTree = "<group>"; };
		D7217BDC1E5A7BD900AE9C89 /* MBProgressHUD.m */ = {isa = PBXFileReference; fileEncoding = 4; lastKnownFileType = sourcecode.c.objc; path = MBProgressHUD.m; sourceTree = "<group>"; };
		D7217BDD1E5A7BD900AE9C89 /* WarningBox.h */ = {isa = PBXFileReference; fileEncoding = 4; lastKnownFileType = sourcecode.c.h; path = WarningBox.h; sourceTree = "<group>"; };
		D7217BDE1E5A7BD900AE9C89 /* WarningBox.m */ = {isa = PBXFileReference; fileEncoding = 4; lastKnownFileType = sourcecode.c.objc; path = WarningBox.m; sourceTree = "<group>"; };
		D7217BE11E5A7BF500AE9C89 /* Color+Hex.h */ = {isa = PBXFileReference; fileEncoding = 4; lastKnownFileType = sourcecode.c.h; path = "Color+Hex.h"; sourceTree = "<group>"; };
		D7217BE21E5A7BF500AE9C89 /* Color+Hex.m */ = {isa = PBXFileReference; fileEncoding = 4; lastKnownFileType = sourcecode.c.objc; path = "Color+Hex.m"; sourceTree = "<group>"; };
		D7217BE51E5A7E1E00AE9C89 /* AFHTTPSessionManager.h */ = {isa = PBXFileReference; fileEncoding = 4; lastKnownFileType = sourcecode.c.h; path = AFHTTPSessionManager.h; sourceTree = "<group>"; };
		D7217BE61E5A7E1E00AE9C89 /* AFHTTPSessionManager.m */ = {isa = PBXFileReference; fileEncoding = 4; lastKnownFileType = sourcecode.c.objc; path = AFHTTPSessionManager.m; sourceTree = "<group>"; };
		D7217BE71E5A7E1E00AE9C89 /* AFNetworking.h */ = {isa = PBXFileReference; fileEncoding = 4; lastKnownFileType = sourcecode.c.h; path = AFNetworking.h; sourceTree = "<group>"; };
		D7217BE81E5A7E1E00AE9C89 /* AFNetworkReachabilityManager.h */ = {isa = PBXFileReference; fileEncoding = 4; lastKnownFileType = sourcecode.c.h; path = AFNetworkReachabilityManager.h; sourceTree = "<group>"; };
		D7217BE91E5A7E1E00AE9C89 /* AFNetworkReachabilityManager.m */ = {isa = PBXFileReference; fileEncoding = 4; lastKnownFileType = sourcecode.c.objc; path = AFNetworkReachabilityManager.m; sourceTree = "<group>"; };
		D7217BEA1E5A7E1E00AE9C89 /* AFSecurityPolicy.h */ = {isa = PBXFileReference; fileEncoding = 4; lastKnownFileType = sourcecode.c.h; path = AFSecurityPolicy.h; sourceTree = "<group>"; };
		D7217BEB1E5A7E1E00AE9C89 /* AFSecurityPolicy.m */ = {isa = PBXFileReference; fileEncoding = 4; lastKnownFileType = sourcecode.c.objc; path = AFSecurityPolicy.m; sourceTree = "<group>"; };
		D7217BEC1E5A7E1E00AE9C89 /* AFURLRequestSerialization.h */ = {isa = PBXFileReference; fileEncoding = 4; lastKnownFileType = sourcecode.c.h; path = AFURLRequestSerialization.h; sourceTree = "<group>"; };
		D7217BED1E5A7E1E00AE9C89 /* AFURLRequestSerialization.m */ = {isa = PBXFileReference; fileEncoding = 4; lastKnownFileType = sourcecode.c.objc; path = AFURLRequestSerialization.m; sourceTree = "<group>"; };
		D7217BEE1E5A7E1E00AE9C89 /* AFURLResponseSerialization.h */ = {isa = PBXFileReference; fileEncoding = 4; lastKnownFileType = sourcecode.c.h; path = AFURLResponseSerialization.h; sourceTree = "<group>"; };
		D7217BEF1E5A7E1E00AE9C89 /* AFURLResponseSerialization.m */ = {isa = PBXFileReference; fileEncoding = 4; lastKnownFileType = sourcecode.c.objc; path = AFURLResponseSerialization.m; sourceTree = "<group>"; };
		D7217BF01E5A7E1E00AE9C89 /* AFURLSessionManager.h */ = {isa = PBXFileReference; fileEncoding = 4; lastKnownFileType = sourcecode.c.h; path = AFURLSessionManager.h; sourceTree = "<group>"; };
		D7217BF11E5A7E1E00AE9C89 /* AFURLSessionManager.m */ = {isa = PBXFileReference; fileEncoding = 4; lastKnownFileType = sourcecode.c.objc; path = AFURLSessionManager.m; sourceTree = "<group>"; };
		D7217BF91E5A7E2700AE9C89 /* NSObject+SBJson.h */ = {isa = PBXFileReference; fileEncoding = 4; lastKnownFileType = sourcecode.c.h; path = "NSObject+SBJson.h"; sourceTree = "<group>"; };
		D7217BFA1E5A7E2700AE9C89 /* NSObject+SBJson.m */ = {isa = PBXFileReference; fileEncoding = 4; lastKnownFileType = sourcecode.c.objc; path = "NSObject+SBJson.m"; sourceTree = "<group>"; };
		D7217BFB1E5A7E2700AE9C89 /* SBJson.h */ = {isa = PBXFileReference; fileEncoding = 4; lastKnownFileType = sourcecode.c.h; path = SBJson.h; sourceTree = "<group>"; };
		D7217BFC1E5A7E2700AE9C89 /* SBJsonParser.h */ = {isa = PBXFileReference; fileEncoding = 4; lastKnownFileType = sourcecode.c.h; path = SBJsonParser.h; sourceTree = "<group>"; };
		D7217BFD1E5A7E2700AE9C89 /* SBJsonParser.m */ = {isa = PBXFileReference; fileEncoding = 4; lastKnownFileType = sourcecode.c.objc; path = SBJsonParser.m; sourceTree = "<group>"; };
		D7217BFE1E5A7E2700AE9C89 /* SBJsonStreamParser.h */ = {isa = PBXFileReference; fileEncoding = 4; lastKnownFileType = sourcecode.c.h; path = SBJsonStreamParser.h; sourceTree = "<group>"; };
		D7217BFF1E5A7E2700AE9C89 /* SBJsonStreamParser.m */ = {isa = PBXFileReference; fileEncoding = 4; lastKnownFileType = sourcecode.c.objc; path = SBJsonStreamParser.m; sourceTree = "<group>"; };
		D7217C001E5A7E2700AE9C89 /* SBJsonStreamParserAccumulator.h */ = {isa = PBXFileReference; fileEncoding = 4; lastKnownFileType = sourcecode.c.h; path = SBJsonStreamParserAccumulator.h; sourceTree = "<group>"; };
		D7217C011E5A7E2700AE9C89 /* SBJsonStreamParserAccumulator.m */ = {isa = PBXFileReference; fileEncoding = 4; lastKnownFileType = sourcecode.c.objc; path = SBJsonStreamParserAccumulator.m; sourceTree = "<group>"; };
		D7217C021E5A7E2700AE9C89 /* SBJsonStreamParserAdapter.h */ = {isa = PBXFileReference; fileEncoding = 4; lastKnownFileType = sourcecode.c.h; path = SBJsonStreamParserAdapter.h; sourceTree = "<group>"; };
		D7217C031E5A7E2700AE9C89 /* SBJsonStreamParserAdapter.m */ = {isa = PBXFileReference; fileEncoding = 4; lastKnownFileType = sourcecode.c.objc; path = SBJsonStreamParserAdapter.m; sourceTree = "<group>"; };
		D7217C041E5A7E2700AE9C89 /* SBJsonStreamParserState.h */ = {isa = PBXFileReference; fileEncoding = 4; lastKnownFileType = sourcecode.c.h; path = SBJsonStreamParserState.h; sourceTree = "<group>"; };
		D7217C051E5A7E2700AE9C89 /* SBJsonStreamParserState.m */ = {isa = PBXFileReference; fileEncoding = 4; lastKnownFileType = sourcecode.c.objc; path = SBJsonStreamParserState.m; sourceTree = "<group>"; };
		D7217C061E5A7E2700AE9C89 /* SBJsonStreamWriter.h */ = {isa = PBXFileReference; fileEncoding = 4; lastKnownFileType = sourcecode.c.h; path = SBJsonStreamWriter.h; sourceTree = "<group>"; };
		D7217C071E5A7E2700AE9C89 /* SBJsonStreamWriter.m */ = {isa = PBXFileReference; fileEncoding = 4; lastKnownFileType = sourcecode.c.objc; path = SBJsonStreamWriter.m; sourceTree = "<group>"; };
		D7217C081E5A7E2700AE9C89 /* SBJsonStreamWriterAccumulator.h */ = {isa = PBXFileReference; fileEncoding = 4; lastKnownFileType = sourcecode.c.h; path = SBJsonStreamWriterAccumulator.h; sourceTree = "<group>"; };
		D7217C091E5A7E2700AE9C89 /* SBJsonStreamWriterAccumulator.m */ = {isa = PBXFileReference; fileEncoding = 4; lastKnownFileType = sourcecode.c.objc; path = SBJsonStreamWriterAccumulator.m; sourceTree = "<group>"; };
		D7217C0A1E5A7E2700AE9C89 /* SBJsonStreamWriterState.h */ = {isa = PBXFileReference; fileEncoding = 4; lastKnownFileType = sourcecode.c.h; path = SBJsonStreamWriterState.h; sourceTree = "<group>"; };
		D7217C0B1E5A7E2700AE9C89 /* SBJsonStreamWriterState.m */ = {isa = PBXFileReference; fileEncoding = 4; lastKnownFileType = sourcecode.c.objc; path = SBJsonStreamWriterState.m; sourceTree = "<group>"; };
		D7217C0C1E5A7E2700AE9C89 /* SBJsonTokeniser.h */ = {isa = PBXFileReference; fileEncoding = 4; lastKnownFileType = sourcecode.c.h; path = SBJsonTokeniser.h; sourceTree = "<group>"; };
		D7217C0D1E5A7E2700AE9C89 /* SBJsonTokeniser.m */ = {isa = PBXFileReference; fileEncoding = 4; lastKnownFileType = sourcecode.c.objc; path = SBJsonTokeniser.m; sourceTree = "<group>"; };
		D7217C0E1E5A7E2700AE9C89 /* SBJsonUTF8Stream.h */ = {isa = PBXFileReference; fileEncoding = 4; lastKnownFileType = sourcecode.c.h; path = SBJsonUTF8Stream.h; sourceTree = "<group>"; };
		D7217C0F1E5A7E2700AE9C89 /* SBJsonUTF8Stream.m */ = {isa = PBXFileReference; fileEncoding = 4; lastKnownFileType = sourcecode.c.objc; path = SBJsonUTF8Stream.m; sourceTree = "<group>"; };
		D7217C101E5A7E2700AE9C89 /* SBJsonWriter.h */ = {isa = PBXFileReference; fileEncoding = 4; lastKnownFileType = sourcecode.c.h; path = SBJsonWriter.h; sourceTree = "<group>"; };
		D7217C111E5A7E2700AE9C89 /* SBJsonWriter.m */ = {isa = PBXFileReference; fileEncoding = 4; lastKnownFileType = sourcecode.c.objc; path = SBJsonWriter.m; sourceTree = "<group>"; };
		D7217C1F1E5A7E2E00AE9C89 /* MKAnnotationView+WebCache.h */ = {isa = PBXFileReference; fileEncoding = 4; lastKnownFileType = sourcecode.c.h; path = "MKAnnotationView+WebCache.h"; sourceTree = "<group>"; };
		D7217C201E5A7E2E00AE9C89 /* MKAnnotationView+WebCache.m */ = {isa = PBXFileReference; fileEncoding = 4; lastKnownFileType = sourcecode.c.objc; path = "MKAnnotationView+WebCache.m"; sourceTree = "<group>"; };
		D7217C211E5A7E2E00AE9C89 /* NSData+ImageContentType.h */ = {isa = PBXFileReference; fileEncoding = 4; lastKnownFileType = sourcecode.c.h; path = "NSData+ImageContentType.h"; sourceTree = "<group>"; };
		D7217C221E5A7E2E00AE9C89 /* NSData+ImageContentType.m */ = {isa = PBXFileReference; fileEncoding = 4; lastKnownFileType = sourcecode.c.objc; path = "NSData+ImageContentType.m"; sourceTree = "<group>"; };
		D7217C231E5A7E2E00AE9C89 /* SDImageCache.h */ = {isa = PBXFileReference; fileEncoding = 4; lastKnownFileType = sourcecode.c.h; path = SDImageCache.h; sourceTree = "<group>"; };
		D7217C241E5A7E2E00AE9C89 /* SDImageCache.m */ = {isa = PBXFileReference; fileEncoding = 4; lastKnownFileType = sourcecode.c.objc; path = SDImageCache.m; sourceTree = "<group>"; };
		D7217C251E5A7E2E00AE9C89 /* SDWebImageCompat.h */ = {isa = PBXFileReference; fileEncoding = 4; lastKnownFileType = sourcecode.c.h; path = SDWebImageCompat.h; sourceTree = "<group>"; };
		D7217C261E5A7E2E00AE9C89 /* SDWebImageCompat.m */ = {isa = PBXFileReference; fileEncoding = 4; lastKnownFileType = sourcecode.c.objc; path = SDWebImageCompat.m; sourceTree = "<group>"; };
		D7217C271E5A7E2E00AE9C89 /* SDWebImageDecoder.h */ = {isa = PBXFileReference; fileEncoding = 4; lastKnownFileType = sourcecode.c.h; path = SDWebImageDecoder.h; sourceTree = "<group>"; };
		D7217C281E5A7E2E00AE9C89 /* SDWebImageDecoder.m */ = {isa = PBXFileReference; fileEncoding = 4; lastKnownFileType = sourcecode.c.objc; path = SDWebImageDecoder.m; sourceTree = "<group>"; };
		D7217C291E5A7E2E00AE9C89 /* SDWebImageDownloader.h */ = {isa = PBXFileReference; fileEncoding = 4; lastKnownFileType = sourcecode.c.h; path = SDWebImageDownloader.h; sourceTree = "<group>"; };
		D7217C2A1E5A7E2E00AE9C89 /* SDWebImageDownloader.m */ = {isa = PBXFileReference; fileEncoding = 4; lastKnownFileType = sourcecode.c.objc; path = SDWebImageDownloader.m; sourceTree = "<group>"; };
		D7217C2B1E5A7E2E00AE9C89 /* SDWebImageDownloaderOperation.h */ = {isa = PBXFileReference; fileEncoding = 4; lastKnownFileType = sourcecode.c.h; path = SDWebImageDownloaderOperation.h; sourceTree = "<group>"; };
		D7217C2C1E5A7E2E00AE9C89 /* SDWebImageDownloaderOperation.m */ = {isa = PBXFileReference; fileEncoding = 4; lastKnownFileType = sourcecode.c.objc; path = SDWebImageDownloaderOperation.m; sourceTree = "<group>"; };
		D7217C2D1E5A7E2E00AE9C89 /* SDWebImageManager.h */ = {isa = PBXFileReference; fileEncoding = 4; lastKnownFileType = sourcecode.c.h; path = SDWebImageManager.h; sourceTree = "<group>"; };
		D7217C2E1E5A7E2E00AE9C89 /* SDWebImageManager.m */ = {isa = PBXFileReference; fileEncoding = 4; lastKnownFileType = sourcecode.c.objc; path = SDWebImageManager.m; sourceTree = "<group>"; };
		D7217C2F1E5A7E2E00AE9C89 /* SDWebImageOperation.h */ = {isa = PBXFileReference; fileEncoding = 4; lastKnownFileType = sourcecode.c.h; path = SDWebImageOperation.h; sourceTree = "<group>"; };
		D7217C301E5A7E2E00AE9C89 /* SDWebImagePrefetcher.h */ = {isa = PBXFileReference; fileEncoding = 4; lastKnownFileType = sourcecode.c.h; path = SDWebImagePrefetcher.h; sourceTree = "<group>"; };
		D7217C311E5A7E2E00AE9C89 /* SDWebImagePrefetcher.m */ = {isa = PBXFileReference; fileEncoding = 4; lastKnownFileType = sourcecode.c.objc; path = SDWebImagePrefetcher.m; sourceTree = "<group>"; };
		D7217C321E5A7E2E00AE9C89 /* UIButton+WebCache.h */ = {isa = PBXFileReference; fileEncoding = 4; lastKnownFileType = sourcecode.c.h; path = "UIButton+WebCache.h"; sourceTree = "<group>"; };
		D7217C331E5A7E2E00AE9C89 /* UIButton+WebCache.m */ = {isa = PBXFileReference; fileEncoding = 4; lastKnownFileType = sourcecode.c.objc; path = "UIButton+WebCache.m"; sourceTree = "<group>"; };
		D7217C341E5A7E2E00AE9C89 /* UIImage+GIF.h */ = {isa = PBXFileReference; fileEncoding = 4; lastKnownFileType = sourcecode.c.h; path = "UIImage+GIF.h"; sourceTree = "<group>"; };
		D7217C351E5A7E2E00AE9C89 /* UIImage+GIF.m */ = {isa = PBXFileReference; fileEncoding = 4; lastKnownFileType = sourcecode.c.objc; path = "UIImage+GIF.m"; sourceTree = "<group>"; };
		D7217C361E5A7E2E00AE9C89 /* UIImage+MultiFormat.h */ = {isa = PBXFileReference; fileEncoding = 4; lastKnownFileType = sourcecode.c.h; path = "UIImage+MultiFormat.h"; sourceTree = "<group>"; };
		D7217C371E5A7E2E00AE9C89 /* UIImage+MultiFormat.m */ = {isa = PBXFileReference; fileEncoding = 4; lastKnownFileType = sourcecode.c.objc; path = "UIImage+MultiFormat.m"; sourceTree = "<group>"; };
		D7217C381E5A7E2E00AE9C89 /* UIImage+WebP.h */ = {isa = PBXFileReference; fileEncoding = 4; lastKnownFileType = sourcecode.c.h; path = "UIImage+WebP.h"; sourceTree = "<group>"; };
		D7217C391E5A7E2E00AE9C89 /* UIImage+WebP.m */ = {isa = PBXFileReference; fileEncoding = 4; lastKnownFileType = sourcecode.c.objc; path = "UIImage+WebP.m"; sourceTree = "<group>"; };
		D7217C3A1E5A7E2E00AE9C89 /* UIImageView+HighlightedWebCache.h */ = {isa = PBXFileReference; fileEncoding = 4; lastKnownFileType = sourcecode.c.h; path = "UIImageView+HighlightedWebCache.h"; sourceTree = "<group>"; };
		D7217C3B1E5A7E2E00AE9C89 /* UIImageView+HighlightedWebCache.m */ = {isa = PBXFileReference; fileEncoding = 4; lastKnownFileType = sourcecode.c.objc; path = "UIImageView+HighlightedWebCache.m"; sourceTree = "<group>"; };
		D7217C3C1E5A7E2E00AE9C89 /* UIImageView+WebCache.h */ = {isa = PBXFileReference; fileEncoding = 4; lastKnownFileType = sourcecode.c.h; path = "UIImageView+WebCache.h"; sourceTree = "<group>"; };
		D7217C3D1E5A7E2E00AE9C89 /* UIImageView+WebCache.m */ = {isa = PBXFileReference; fileEncoding = 4; lastKnownFileType = sourcecode.c.objc; path = "UIImageView+WebCache.m"; sourceTree = "<group>"; };
		D7217C3E1E5A7E2E00AE9C89 /* UIView+WebCacheOperation.h */ = {isa = PBXFileReference; fileEncoding = 4; lastKnownFileType = sourcecode.c.h; path = "UIView+WebCacheOperation.h"; sourceTree = "<group>"; };
		D7217C3F1E5A7E2E00AE9C89 /* UIView+WebCacheOperation.m */ = {isa = PBXFileReference; fileEncoding = 4; lastKnownFileType = sourcecode.c.objc; path = "UIView+WebCacheOperation.m"; sourceTree = "<group>"; };
		D7217C511E5A956900AE9C89 /* StuRecordViewController.h */ = {isa = PBXFileReference; fileEncoding = 4; lastKnownFileType = sourcecode.c.h; path = StuRecordViewController.h; sourceTree = "<group>"; };
		D7217C521E5A956900AE9C89 /* StuRecordViewController.m */ = {isa = PBXFileReference; fileEncoding = 4; lastKnownFileType = sourcecode.c.objc; path = StuRecordViewController.m; sourceTree = "<group>"; };
		D7217C561E5AC62000AE9C89 /* ExplainViewController.h */ = {isa = PBXFileReference; fileEncoding = 4; lastKnownFileType = sourcecode.c.h; path = ExplainViewController.h; sourceTree = "<group>"; };
		D7217C571E5AC62000AE9C89 /* ExplainViewController.m */ = {isa = PBXFileReference; fileEncoding = 4; lastKnownFileType = sourcecode.c.objc; path = ExplainViewController.m; sourceTree = "<group>"; };
		D724472D1E5290E8003DBCE4 /* BoYuanJiaoYu.app */ = {isa = PBXFileReference; explicitFileType = wrapper.application; includeInIndex = 0; path = BoYuanJiaoYu.app; sourceTree = BUILT_PRODUCTS_DIR; };
		D72447311E5290E8003DBCE4 /* main.m */ = {isa = PBXFileReference; lastKnownFileType = sourcecode.c.objc; path = main.m; sourceTree = "<group>"; };
		D72447331E5290E8003DBCE4 /* AppDelegate.h */ = {isa = PBXFileReference; lastKnownFileType = sourcecode.c.h; path = AppDelegate.h; sourceTree = "<group>"; };
		D72447341E5290E8003DBCE4 /* AppDelegate.m */ = {isa = PBXFileReference; lastKnownFileType = sourcecode.c.objc; path = AppDelegate.m; sourceTree = "<group>"; };
		D72447361E5290E8003DBCE4 /* ViewController.h */ = {isa = PBXFileReference; lastKnownFileType = sourcecode.c.h; path = ViewController.h; sourceTree = "<group>"; };
		D72447371E5290E8003DBCE4 /* ViewController.m */ = {isa = PBXFileReference; lastKnownFileType = sourcecode.c.objc; path = ViewController.m; sourceTree = "<group>"; };
		D724473A1E5290E8003DBCE4 /* Base */ = {isa = PBXFileReference; lastKnownFileType = file.storyboard; name = Base; path = Base.lproj/Main.storyboard; sourceTree = "<group>"; };
		D724473C1E5290E8003DBCE4 /* Assets.xcassets */ = {isa = PBXFileReference; lastKnownFileType = folder.assetcatalog; path = Assets.xcassets; sourceTree = "<group>"; };
		D724473F1E5290E8003DBCE4 /* Base */ = {isa = PBXFileReference; lastKnownFileType = file.storyboard; name = Base; path = Base.lproj/LaunchScreen.storyboard; sourceTree = "<group>"; };
		D72447411E5290E8003DBCE4 /* Info.plist */ = {isa = PBXFileReference; lastKnownFileType = text.plist.xml; path = Info.plist; sourceTree = "<group>"; };
		D72447461E5290E8003DBCE4 /* BoYuanJiaoYuTests.xctest */ = {isa = PBXFileReference; explicitFileType = wrapper.cfbundle; includeInIndex = 0; path = BoYuanJiaoYuTests.xctest; sourceTree = BUILT_PRODUCTS_DIR; };
		D724474A1E5290E8003DBCE4 /* BoYuanJiaoYuTests.m */ = {isa = PBXFileReference; lastKnownFileType = sourcecode.c.objc; path = BoYuanJiaoYuTests.m; sourceTree = "<group>"; };
		D724474C1E5290E8003DBCE4 /* Info.plist */ = {isa = PBXFileReference; lastKnownFileType = text.plist.xml; path = Info.plist; sourceTree = "<group>"; };
		D72447511E5290E8003DBCE4 /* BoYuanJiaoYuUITests.xctest */ = {isa = PBXFileReference; explicitFileType = wrapper.cfbundle; includeInIndex = 0; path = BoYuanJiaoYuUITests.xctest; sourceTree = BUILT_PRODUCTS_DIR; };
		D72447551E5290E8003DBCE4 /* BoYuanJiaoYuUITests.m */ = {isa = PBXFileReference; lastKnownFileType = sourcecode.c.objc; path = BoYuanJiaoYuUITests.m; sourceTree = "<group>"; };
		D72447571E5290E8003DBCE4 /* Info.plist */ = {isa = PBXFileReference; lastKnownFileType = text.plist.xml; path = Info.plist; sourceTree = "<group>"; };
		D72447641E52D521003DBCE4 /* 考勤背景.png */ = {isa = PBXFileReference; lastKnownFileType = image.png; path = "考勤背景.png"; sourceTree = "<group>"; };
		D72447651E52D521003DBCE4 /* 课程-背景.png */ = {isa = PBXFileReference; lastKnownFileType = image.png; path = "课程-背景.png"; sourceTree = "<group>"; };
		D72447661E52D521003DBCE4 /* 课程-查看详情.png */ = {isa = PBXFileReference; lastKnownFileType = image.png; path = "课程-查看详情.png"; sourceTree = "<group>"; };
		D72447671E52D521003DBCE4 /* 课程-查看详情2.png */ = {isa = PBXFileReference; lastKnownFileType = image.png; path = "课程-查看详情2.png"; sourceTree = "<group>"; };
		D72447681E52D521003DBCE4 /* 课程-老师.png */ = {isa = PBXFileReference; lastKnownFileType = image.png; path = "课程-老师.png"; sourceTree = "<group>"; };
		D72447691E52D521003DBCE4 /* 课程-老师2.png */ = {isa = PBXFileReference; lastKnownFileType = image.png; path = "课程-老师2.png"; sourceTree = "<group>"; };
		D724476A1E52D521003DBCE4 /* 课程-年级.png */ = {isa = PBXFileReference; lastKnownFileType = image.png; path = "课程-年级.png"; sourceTree = "<group>"; };
		D724476B1E52D521003DBCE4 /* 课程-年级2.png */ = {isa = PBXFileReference; lastKnownFileType = image.png; path = "课程-年级2.png"; sourceTree = "<group>"; };
		D724476C1E52D521003DBCE4 /* 课程-已报名.png */ = {isa = PBXFileReference; lastKnownFileType = image.png; path = "课程-已报名.png"; sourceTree = "<group>"; };
		D724476D1E52D521003DBCE4 /* 课程-已报名2.png */ = {isa = PBXFileReference; lastKnownFileType = image.png; path = "课程-已报名2.png"; sourceTree = "<group>"; };
		D724476E1E52D521003DBCE4 /* 没课.png */ = {isa = PBXFileReference; lastKnownFileType = image.png; path = "没课.png"; sourceTree = "<group>"; };
		D724476F1E52D521003DBCE4 /* 微博.png */ = {isa = PBXFileReference; lastKnownFileType = image.png; path = "微博.png"; sourceTree = "<group>"; };
		D72447701E52D521003DBCE4 /* 微信.png */ = {isa = PBXFileReference; lastKnownFileType = image.png; path = "微信.png"; sourceTree = "<group>"; };
		D72447711E52D521003DBCE4 /* 下箭头.png */ = {isa = PBXFileReference; lastKnownFileType = image.png; path = "下箭头.png"; sourceTree = "<group>"; };
		D72447721E52D521003DBCE4 /* 邀请家人弹窗.png */ = {isa = PBXFileReference; lastKnownFileType = image.png; path = "邀请家人弹窗.png"; sourceTree = "<group>"; };
		D72447731E52D521003DBCE4 /* attendance_history.png */ = {isa = PBXFileReference; lastKnownFileType = image.png; path = attendance_history.png; sourceTree = "<group>"; };
		D72447751E52D521003DBCE4 /* cuoti.png */ = {isa = PBXFileReference; lastKnownFileType = image.png; path = cuoti.png; sourceTree = "<group>"; };
		D72447761E52D521003DBCE4 /* edit.png */ = {isa = PBXFileReference; lastKnownFileType = image.png; path = edit.png; sourceTree = "<group>"; };
		D72447771E52D521003DBCE4 /* family.png */ = {isa = PBXFileReference; lastKnownFileType = image.png; path = family.png; sourceTree = "<group>"; };
		D72447781E52D521003DBCE4 /* fankui.png */ = {isa = PBXFileReference; lastKnownFileType = image.png; path = fankui.png; sourceTree = "<group>"; };
		D724477B1E52D521003DBCE4 /* gunayu.png */ = {isa = PBXFileReference; lastKnownFileType = image.png; path = gunayu.png; sourceTree = "<group>"; };
		D724477C1E52D521003DBCE4 /* head.png */ = {isa = PBXFileReference; lastKnownFileType = image.png; path = head.png; sourceTree = "<group>"; };
		D724477D1E52D521003DBCE4 /* item_beizhu.png */ = {isa = PBXFileReference; lastKnownFileType = image.png; path = item_beizhu.png; sourceTree = "<group>"; };
		D724477E1E52D521003DBCE4 /* item_teacher.png */ = {isa = PBXFileReference; lastKnownFileType = image.png; path = item_teacher.png; sourceTree = "<group>"; };
		D724477F1E52D521003DBCE4 /* item_time.png */ = {isa = PBXFileReference; lastKnownFileType = image.png; path = item_time.png; sourceTree = "<group>"; };
		D72447841E52D521003DBCE4 /* modify_ password.png */ = {isa = PBXFileReference; lastKnownFileType = image.png; path = "modify_ password.png"; sourceTree = "<group>"; };
		D72447861E52D521003DBCE4 /* password.png */ = {isa = PBXFileReference; lastKnownFileType = image.png; path = password.png; sourceTree = "<group>"; };
		D72447871E52D521003DBCE4 /* QQ.png */ = {isa = PBXFileReference; lastKnownFileType = image.png; path = QQ.png; sourceTree = "<group>"; };
		D72447881E52D521003DBCE4 /* teacher.png */ = {isa = PBXFileReference; lastKnownFileType = image.png; path = teacher.png; sourceTree = "<group>"; };
		D72447891E52D521003DBCE4 /* update.png */ = {isa = PBXFileReference; lastKnownFileType = image.png; path = update.png; sourceTree = "<group>"; };
		D724478A1E52D521003DBCE4 /* user.png */ = {isa = PBXFileReference; lastKnownFileType = image.png; path = user.png; sourceTree = "<group>"; };
		D724478B1E52D521003DBCE4 /* xuexi_bg.png */ = {isa = PBXFileReference; lastKnownFileType = image.png; path = xuexi_bg.png; sourceTree = "<group>"; };
		D72447BB1E52E5A8003DBCE4 /* AttendanceViewController.h */ = {isa = PBXFileReference; fileEncoding = 4; lastKnownFileType = sourcecode.c.h; path = AttendanceViewController.h; sourceTree = "<group>"; };
		D72447BC1E52E5A8003DBCE4 /* AttendanceViewController.m */ = {isa = PBXFileReference; fileEncoding = 4; lastKnownFileType = sourcecode.c.objc; path = AttendanceViewController.m; sourceTree = "<group>"; };
		D72447BE1E52E5C2003DBCE4 /* AttenHistoryViewController.h */ = {isa = PBXFileReference; fileEncoding = 4; lastKnownFileType = sourcecode.c.h; path = AttenHistoryViewController.h; sourceTree = "<group>"; };
		D72447BF1E52E5C2003DBCE4 /* AttenHistoryViewController.m */ = {isa = PBXFileReference; fileEncoding = 4; lastKnownFileType = sourcecode.c.objc; path = AttenHistoryViewController.m; sourceTree = "<group>"; };
		D72447C11E52F439003DBCE4 /* TabBarViewController.h */ = {isa = PBXFileReference; fileEncoding = 4; lastKnownFileType = sourcecode.c.h; path = TabBarViewController.h; sourceTree = "<group>"; };
		D72447C21E52F439003DBCE4 /* TabBarViewController.m */ = {isa = PBXFileReference; fileEncoding = 4; lastKnownFileType = sourcecode.c.objc; path = TabBarViewController.m; sourceTree = "<group>"; };
		D72447C41E52F527003DBCE4 /* back@2x.png */ = {isa = PBXFileReference; lastKnownFileType = image.png; path = "back@2x.png"; sourceTree = "<group>"; };
		D728BA801E61161E000FFF4F /* BackInfoViewController.h */ = {isa = PBXFileReference; fileEncoding = 4; lastKnownFileType = sourcecode.c.h; path = BackInfoViewController.h; sourceTree = "<group>"; };
		D728BA811E61161E000FFF4F /* BackInfoViewController.m */ = {isa = PBXFileReference; fileEncoding = 4; lastKnownFileType = sourcecode.c.objc; path = BackInfoViewController.m; sourceTree = "<group>"; };
		D729DD341E53E51500A67C07 /* banyuan.png */ = {isa = PBXFileReference; lastKnownFileType = image.png; path = banyuan.png; sourceTree = "<group>"; };
		D729DD391E53FC5B00A67C07 /* OwnerViewController.h */ = {isa = PBXFileReference; fileEncoding = 4; lastKnownFileType = sourcecode.c.h; path = OwnerViewController.h; sourceTree = "<group>"; };
		D729DD3A1E53FC5B00A67C07 /* OwnerViewController.m */ = {isa = PBXFileReference; fileEncoding = 4; lastKnownFileType = sourcecode.c.objc; path = OwnerViewController.m; sourceTree = "<group>"; };
		D729DD3C1E541B1100A67C07 /* ClassCenterViewController.h */ = {isa = PBXFileReference; fileEncoding = 4; lastKnownFileType = sourcecode.c.h; path = ClassCenterViewController.h; sourceTree = "<group>"; };
		D729DD3D1E541B1100A67C07 /* ClassCenterViewController.m */ = {isa = PBXFileReference; fileEncoding = 4; lastKnownFileType = sourcecode.c.objc; path = ClassCenterViewController.m; sourceTree = "<group>"; wrapsLines = 1; };
		D729DD401E542BEF00A67C07 /* ClassInfoViewController.h */ = {isa = PBXFileReference; fileEncoding = 4; lastKnownFileType = sourcecode.c.h; path = ClassInfoViewController.h; sourceTree = "<group>"; };
		D729DD411E542BEF00A67C07 /* ClassInfoViewController.m */ = {isa = PBXFileReference; fileEncoding = 4; lastKnownFileType = sourcecode.c.objc; path = ClassInfoViewController.m; sourceTree = "<group>"; };
		D72B31A41E5FC5870092B9C2 /* 更换手机号.png */ = {isa = PBXFileReference; lastKnownFileType = image.png; path = "更换手机号.png"; sourceTree = "<group>"; };
		D72B31A51E5FC5870092B9C2 /* 无错题.png */ = {isa = PBXFileReference; lastKnownFileType = image.png; path = "无错题.png"; sourceTree = "<group>"; };
		D72B31A61E5FC5870092B9C2 /* 无反馈.png */ = {isa = PBXFileReference; lastKnownFileType = image.png; path = "无反馈.png"; sourceTree = "<group>"; };
		D72B31A71E5FC5870092B9C2 /* 无考勤.png */ = {isa = PBXFileReference; lastKnownFileType = image.png; path = "无考勤.png"; sourceTree = "<group>"; };
		D72B31A81E5FC5870092B9C2 /* 无历史.png */ = {isa = PBXFileReference; lastKnownFileType = image.png; path = "无历史.png"; sourceTree = "<group>"; };
		D72B31AF1E5FD46C0092B9C2 /* NoteListViewController.h */ = {isa = PBXFileReference; fileEncoding = 4; lastKnownFileType = sourcecode.c.h; path = NoteListViewController.h; sourceTree = "<group>"; };
		D72B31B01E5FD46C0092B9C2 /* NoteListViewController.m */ = {isa = PBXFileReference; fileEncoding = 4; lastKnownFileType = sourcecode.c.objc; path = NoteListViewController.m; sourceTree = "<group>"; wrapsLines = 1; };
		D72B31B21E5FD47E0092B9C2 /* NoteInfoViewController.h */ = {isa = PBXFileReference; fileEncoding = 4; lastKnownFileType = sourcecode.c.h; path = NoteInfoViewController.h; sourceTree = "<group>"; };
		D72B31B31E5FD47E0092B9C2 /* NoteInfoViewController.m */ = {isa = PBXFileReference; fileEncoding = 4; lastKnownFileType = sourcecode.c.objc; path = NoteInfoViewController.m; sourceTree = "<group>"; wrapsLines = 1; };
		D72EE6B81E7A2BE60057FBEC /* 新消息提示-2.png */ = {isa = PBXFileReference; lastKnownFileType = image.png; path = "新消息提示-2.png"; sourceTree = "<group>"; };
		D72F75AE1E669C44004FBCA6 /* SetPassViewController.h */ = {isa = PBXFileReference; fileEncoding = 4; lastKnownFileType = sourcecode.c.h; path = SetPassViewController.h; sourceTree = "<group>"; };
		D72F75AF1E669C44004FBCA6 /* SetPassViewController.m */ = {isa = PBXFileReference; fileEncoding = 4; lastKnownFileType = sourcecode.c.objc; path = SetPassViewController.m; sourceTree = "<group>"; };
		D72F75B21E669C5F004FBCA6 /* ChangePhoneViewController.h */ = {isa = PBXFileReference; fileEncoding = 4; lastKnownFileType = sourcecode.c.h; path = ChangePhoneViewController.h; sourceTree = "<group>"; };
		D72F75B31E669C5F004FBCA6 /* ChangePhoneViewController.m */ = {isa = PBXFileReference; fileEncoding = 4; lastKnownFileType = sourcecode.c.objc; path = ChangePhoneViewController.m; sourceTree = "<group>"; };
		D72F75B51E66BBB8004FBCA6 /* AttHisInfoViewController.h */ = {isa = PBXFileReference; fileEncoding = 4; lastKnownFileType = sourcecode.c.h; path = AttHisInfoViewController.h; sourceTree = "<group>"; };
		D72F75B61E66BBB8004FBCA6 /* AttHisInfoViewController.m */ = {isa = PBXFileReference; fileEncoding = 4; lastKnownFileType = sourcecode.c.objc; path = AttHisInfoViewController.m; sourceTree = "<group>"; };
		D7308B801E5D228C00FF19CD /* next.png */ = {isa = PBXFileReference; lastKnownFileType = image.png; path = next.png; sourceTree = "<group>"; };
		D73180D51E5C384600C85384 /* StuInfoTableViewController.h */ = {isa = PBXFileReference; fileEncoding = 4; lastKnownFileType = sourcecode.c.h; path = StuInfoTableViewController.h; sourceTree = "<group>"; };
		D73180D61E5C384600C85384 /* StuInfoTableViewController.m */ = {isa = PBXFileReference; fileEncoding = 4; lastKnownFileType = sourcecode.c.objc; path = StuInfoTableViewController.m; sourceTree = "<group>"; };
		D7343ACC1E6FD5FC00DDBCAC /* MyCollectionViewCell.h */ = {isa = PBXFileReference; fileEncoding = 4; lastKnownFileType = sourcecode.c.h; path = MyCollectionViewCell.h; sourceTree = "<group>"; };
		D7343ACD1E6FD5FC00DDBCAC /* MyCollectionViewCell.m */ = {isa = PBXFileReference; fileEncoding = 4; lastKnownFileType = sourcecode.c.objc; path = MyCollectionViewCell.m; sourceTree = "<group>"; };
		D749C6CE1EB8523200D19AE7 /* 通知详情.png */ = {isa = PBXFileReference; lastKnownFileType = image.png; path = "通知详情.png"; sourceTree = "<group>"; };
		D749C6D01EB8528000D19AE7 /* 通知列表小标.png */ = {isa = PBXFileReference; lastKnownFileType = image.png; path = "通知列表小标.png"; sourceTree = "<group>"; };
		D749C6D21EB8609600D19AE7 /* 试题背景.png */ = {isa = PBXFileReference; lastKnownFileType = image.png; path = "试题背景.png"; sourceTree = "<group>"; };
		D749C6D41EB8623800D19AE7 /* 消息背景.png */ = {isa = PBXFileReference; lastKnownFileType = image.png; path = "消息背景.png"; sourceTree = "<group>"; };
		D7547C3B1E84FCE00051C94E /* BoYuanJiaoYu.entitlements */ = {isa = PBXFileReference; lastKnownFileType = text.plist.entitlements; path = BoYuanJiaoYu.entitlements; sourceTree = "<group>"; };
		D75DB94D1E8B3C51001A746C /* jcore-ios-1.1.1.a */ = {isa = PBXFileReference; lastKnownFileType = archive.ar; path = "jcore-ios-1.1.1.a"; sourceTree = "<group>"; };
		D75DB94E1E8B3C51001A746C /* jpush-ios-3.0.2.a */ = {isa = PBXFileReference; lastKnownFileType = archive.ar; path = "jpush-ios-3.0.2.a"; sourceTree = "<group>"; };
		D75DB94F1E8B3C51001A746C /* JPUSHService.h */ = {isa = PBXFileReference; fileEncoding = 4; lastKnownFileType = sourcecode.c.h; path = JPUSHService.h; sourceTree = "<group>"; };
		D75DB9531E8B3CB4001A746C /* CFNetwork.framework */ = {isa = PBXFileReference; lastKnownFileType = wrapper.framework; name = CFNetwork.framework; path = System/Library/Frameworks/CFNetwork.framework; sourceTree = SDKROOT; };
		D75DB9551E8B3CBF001A746C /* CoreFoundation.framework */ = {isa = PBXFileReference; lastKnownFileType = wrapper.framework; name = CoreFoundation.framework; path = System/Library/Frameworks/CoreFoundation.framework; sourceTree = SDKROOT; };
		D75DB9571E8B3CCD001A746C /* CoreTelephony.framework */ = {isa = PBXFileReference; lastKnownFileType = wrapper.framework; name = CoreTelephony.framework; path = System/Library/Frameworks/CoreTelephony.framework; sourceTree = SDKROOT; };
		D75DB9591E8B3CD6001A746C /* SystemConfiguration.framework */ = {isa = PBXFileReference; lastKnownFileType = wrapper.framework; name = SystemConfiguration.framework; path = System/Library/Frameworks/SystemConfiguration.framework; sourceTree = SDKROOT; };
		D75DB95B1E8B3CDD001A746C /* CoreGraphics.framework */ = {isa = PBXFileReference; lastKnownFileType = wrapper.framework; name = CoreGraphics.framework; path = System/Library/Frameworks/CoreGraphics.framework; sourceTree = SDKROOT; };
		D75DB95D1E8B3CE4001A746C /* Foundation.framework */ = {isa = PBXFileReference; lastKnownFileType = wrapper.framework; name = Foundation.framework; path = System/Library/Frameworks/Foundation.framework; sourceTree = SDKROOT; };
		D75DB95F1E8B3CF3001A746C /* UIKit.framework */ = {isa = PBXFileReference; lastKnownFileType = wrapper.framework; name = UIKit.framework; path = System/Library/Frameworks/UIKit.framework; sourceTree = SDKROOT; };
		D75DB9611E8B3CFC001A746C /* Security.framework */ = {isa = PBXFileReference; lastKnownFileType = wrapper.framework; name = Security.framework; path = System/Library/Frameworks/Security.framework; sourceTree = SDKROOT; };
		D75DB9631E8B3D07001A746C /* libz.tbd */ = {isa = PBXFileReference; lastKnownFileType = "sourcecode.text-based-dylib-definition"; name = libz.tbd; path = usr/lib/libz.tbd; sourceTree = SDKROOT; };
		D75DB9651E8B3D21001A746C /* UserNotifications.framework */ = {isa = PBXFileReference; lastKnownFileType = wrapper.framework; name = UserNotifications.framework; path = System/Library/Frameworks/UserNotifications.framework; sourceTree = SDKROOT; };
		D75DB9671E8B3D2D001A746C /* libresolv.tbd */ = {isa = PBXFileReference; lastKnownFileType = "sourcecode.text-based-dylib-definition"; name = libresolv.tbd; path = usr/lib/libresolv.tbd; sourceTree = SDKROOT; };
		D75DB9691E8B3D46001A746C /* AdSupport.framework */ = {isa = PBXFileReference; lastKnownFileType = wrapper.framework; name = AdSupport.framework; path = System/Library/Frameworks/AdSupport.framework; sourceTree = SDKROOT; };
		D75F6DB81E76433C00037E3E /* RecordInfoViewController.h */ = {isa = PBXFileReference; fileEncoding = 4; lastKnownFileType = sourcecode.c.h; path = RecordInfoViewController.h; sourceTree = "<group>"; };
		D75F6DB91E76433C00037E3E /* RecordInfoViewController.m */ = {isa = PBXFileReference; fileEncoding = 4; lastKnownFileType = sourcecode.c.objc; path = RecordInfoViewController.m; sourceTree = "<group>"; };
		D7F3B0D21E554C8E00FA620D /* FeedBackViewController.h */ = {isa = PBXFileReference; fileEncoding = 4; lastKnownFileType = sourcecode.c.h; path = FeedBackViewController.h; sourceTree = "<group>"; };
		D7F3B0D31E554C8E00FA620D /* FeedBackViewController.m */ = {isa = PBXFileReference; fileEncoding = 4; lastKnownFileType = sourcecode.c.objc; path = FeedBackViewController.m; sourceTree = "<group>"; };
		D7F3B0D91E557A3400FA620D /* ceshi.png */ = {isa = PBXFileReference; lastKnownFileType = image.png; path = ceshi.png; sourceTree = "<group>"; };
		D7F3B0DA1E557A3400FA620D /* zuoye.png */ = {isa = PBXFileReference; lastKnownFileType = image.png; path = zuoye.png; sourceTree = "<group>"; };
/* End PBXFileReference section */

/* Begin PBXFrameworksBuildPhase section */
		D724472A1E5290E8003DBCE4 /* Frameworks */ = {
			isa = PBXFrameworksBuildPhase;
			buildActionMask = 2147483647;
			files = (
				D75DB96A1E8B3D46001A746C /* AdSupport.framework in Frameworks */,
				D75DB9681E8B3D2D001A746C /* libresolv.tbd in Frameworks */,
				D75DB9661E8B3D21001A746C /* UserNotifications.framework in Frameworks */,
				D75DB9641E8B3D07001A746C /* libz.tbd in Frameworks */,
				D75DB9621E8B3CFC001A746C /* Security.framework in Frameworks */,
				D75DB9601E8B3CF3001A746C /* UIKit.framework in Frameworks */,
				D75DB95E1E8B3CE4001A746C /* Foundation.framework in Frameworks */,
				D75DB95C1E8B3CDD001A746C /* CoreGraphics.framework in Frameworks */,
				D75DB95A1E8B3CD6001A746C /* SystemConfiguration.framework in Frameworks */,
				D75DB9581E8B3CCD001A746C /* CoreTelephony.framework in Frameworks */,
				D75DB9561E8B3CBF001A746C /* CoreFoundation.framework in Frameworks */,
				D75DB9541E8B3CB4001A746C /* CFNetwork.framework in Frameworks */,
				D75DB9511E8B3C51001A746C /* jpush-ios-3.0.2.a in Frameworks */,
				D75DB9501E8B3C51001A746C /* jcore-ios-1.1.1.a in Frameworks */,
			);
			runOnlyForDeploymentPostprocessing = 0;
		};
		D72447431E5290E8003DBCE4 /* Frameworks */ = {
			isa = PBXFrameworksBuildPhase;
			buildActionMask = 2147483647;
			files = (
			);
			runOnlyForDeploymentPostprocessing = 0;
		};
		D724474E1E5290E8003DBCE4 /* Frameworks */ = {
			isa = PBXFrameworksBuildPhase;
			buildActionMask = 2147483647;
			files = (
			);
			runOnlyForDeploymentPostprocessing = 0;
		};
/* End PBXFrameworksBuildPhase section */

/* Begin PBXGroup section */
		D2A460D81E667D2B0013035F /* 网络连接及宏定义 */ = {
			isa = PBXGroup;
			children = (
				D2A460D91E667E0A0013035F /* HongDingYi.h */,
				D2A460DA1E667FD30013035F /* XL_wangluo.h */,
				D2A460DB1E667FD30013035F /* XL_wangluo.m */,
			);
			name = "网络连接及宏定义";
			sourceTree = "<group>";
		};
		D708AD7D1E567DBE00DFB98D /* 错题记录 */ = {
			isa = PBXGroup;
			children = (
				D708AD7E1E567DDB00DFB98D /* RecordViewController.h */,
				D708AD7F1E567DDB00DFB98D /* RecordViewController.m */,
				D75F6DB81E76433C00037E3E /* RecordInfoViewController.h */,
				D75F6DB91E76433C00037E3E /* RecordInfoViewController.m */,
			);
			name = "错题记录";
			sourceTree = "<group>";
		};
		D7217BE41E5A7E1E00AE9C89 /* AFNetworking 3.0.4 */ = {
			isa = PBXGroup;
			children = (
				D7217BE51E5A7E1E00AE9C89 /* AFHTTPSessionManager.h */,
				D7217BE61E5A7E1E00AE9C89 /* AFHTTPSessionManager.m */,
				D7217BE71E5A7E1E00AE9C89 /* AFNetworking.h */,
				D7217BE81E5A7E1E00AE9C89 /* AFNetworkReachabilityManager.h */,
				D7217BE91E5A7E1E00AE9C89 /* AFNetworkReachabilityManager.m */,
				D7217BEA1E5A7E1E00AE9C89 /* AFSecurityPolicy.h */,
				D7217BEB1E5A7E1E00AE9C89 /* AFSecurityPolicy.m */,
				D7217BEC1E5A7E1E00AE9C89 /* AFURLRequestSerialization.h */,
				D7217BED1E5A7E1E00AE9C89 /* AFURLRequestSerialization.m */,
				D7217BEE1E5A7E1E00AE9C89 /* AFURLResponseSerialization.h */,
				D7217BEF1E5A7E1E00AE9C89 /* AFURLResponseSerialization.m */,
				D7217BF01E5A7E1E00AE9C89 /* AFURLSessionManager.h */,
				D7217BF11E5A7E1E00AE9C89 /* AFURLSessionManager.m */,
			);
			path = "AFNetworking 3.0.4";
			sourceTree = "<group>";
		};
		D7217BF81E5A7E2700AE9C89 /* SBJSON */ = {
			isa = PBXGroup;
			children = (
				D7217BF91E5A7E2700AE9C89 /* NSObject+SBJson.h */,
				D7217BFA1E5A7E2700AE9C89 /* NSObject+SBJson.m */,
				D7217BFB1E5A7E2700AE9C89 /* SBJson.h */,
				D7217BFC1E5A7E2700AE9C89 /* SBJsonParser.h */,
				D7217BFD1E5A7E2700AE9C89 /* SBJsonParser.m */,
				D7217BFE1E5A7E2700AE9C89 /* SBJsonStreamParser.h */,
				D7217BFF1E5A7E2700AE9C89 /* SBJsonStreamParser.m */,
				D7217C001E5A7E2700AE9C89 /* SBJsonStreamParserAccumulator.h */,
				D7217C011E5A7E2700AE9C89 /* SBJsonStreamParserAccumulator.m */,
				D7217C021E5A7E2700AE9C89 /* SBJsonStreamParserAdapter.h */,
				D7217C031E5A7E2700AE9C89 /* SBJsonStreamParserAdapter.m */,
				D7217C041E5A7E2700AE9C89 /* SBJsonStreamParserState.h */,
				D7217C051E5A7E2700AE9C89 /* SBJsonStreamParserState.m */,
				D7217C061E5A7E2700AE9C89 /* SBJsonStreamWriter.h */,
				D7217C071E5A7E2700AE9C89 /* SBJsonStreamWriter.m */,
				D7217C081E5A7E2700AE9C89 /* SBJsonStreamWriterAccumulator.h */,
				D7217C091E5A7E2700AE9C89 /* SBJsonStreamWriterAccumulator.m */,
				D7217C0A1E5A7E2700AE9C89 /* SBJsonStreamWriterState.h */,
				D7217C0B1E5A7E2700AE9C89 /* SBJsonStreamWriterState.m */,
				D7217C0C1E5A7E2700AE9C89 /* SBJsonTokeniser.h */,
				D7217C0D1E5A7E2700AE9C89 /* SBJsonTokeniser.m */,
				D7217C0E1E5A7E2700AE9C89 /* SBJsonUTF8Stream.h */,
				D7217C0F1E5A7E2700AE9C89 /* SBJsonUTF8Stream.m */,
				D7217C101E5A7E2700AE9C89 /* SBJsonWriter.h */,
				D7217C111E5A7E2700AE9C89 /* SBJsonWriter.m */,
			);
			path = SBJSON;
			sourceTree = "<group>";
		};
		D7217C1E1E5A7E2E00AE9C89 /* SDWebImage */ = {
			isa = PBXGroup;
			children = (
				D7217C1F1E5A7E2E00AE9C89 /* MKAnnotationView+WebCache.h */,
				D7217C201E5A7E2E00AE9C89 /* MKAnnotationView+WebCache.m */,
				D7217C211E5A7E2E00AE9C89 /* NSData+ImageContentType.h */,
				D7217C221E5A7E2E00AE9C89 /* NSData+ImageContentType.m */,
				D7217C231E5A7E2E00AE9C89 /* SDImageCache.h */,
				D7217C241E5A7E2E00AE9C89 /* SDImageCache.m */,
				D7217C251E5A7E2E00AE9C89 /* SDWebImageCompat.h */,
				D7217C261E5A7E2E00AE9C89 /* SDWebImageCompat.m */,
				D7217C271E5A7E2E00AE9C89 /* SDWebImageDecoder.h */,
				D7217C281E5A7E2E00AE9C89 /* SDWebImageDecoder.m */,
				D7217C291E5A7E2E00AE9C89 /* SDWebImageDownloader.h */,
				D7217C2A1E5A7E2E00AE9C89 /* SDWebImageDownloader.m */,
				D7217C2B1E5A7E2E00AE9C89 /* SDWebImageDownloaderOperation.h */,
				D7217C2C1E5A7E2E00AE9C89 /* SDWebImageDownloaderOperation.m */,
				D7217C2D1E5A7E2E00AE9C89 /* SDWebImageManager.h */,
				D7217C2E1E5A7E2E00AE9C89 /* SDWebImageManager.m */,
				D7217C2F1E5A7E2E00AE9C89 /* SDWebImageOperation.h */,
				D7217C301E5A7E2E00AE9C89 /* SDWebImagePrefetcher.h */,
				D7217C311E5A7E2E00AE9C89 /* SDWebImagePrefetcher.m */,
				D7217C321E5A7E2E00AE9C89 /* UIButton+WebCache.h */,
				D7217C331E5A7E2E00AE9C89 /* UIButton+WebCache.m */,
				D7217C341E5A7E2E00AE9C89 /* UIImage+GIF.h */,
				D7217C351E5A7E2E00AE9C89 /* UIImage+GIF.m */,
				D7217C361E5A7E2E00AE9C89 /* UIImage+MultiFormat.h */,
				D7217C371E5A7E2E00AE9C89 /* UIImage+MultiFormat.m */,
				D7217C381E5A7E2E00AE9C89 /* UIImage+WebP.h */,
				D7217C391E5A7E2E00AE9C89 /* UIImage+WebP.m */,
				D7217C3A1E5A7E2E00AE9C89 /* UIImageView+HighlightedWebCache.h */,
				D7217C3B1E5A7E2E00AE9C89 /* UIImageView+HighlightedWebCache.m */,
				D7217C3C1E5A7E2E00AE9C89 /* UIImageView+WebCache.h */,
				D7217C3D1E5A7E2E00AE9C89 /* UIImageView+WebCache.m */,
				D7217C3E1E5A7E2E00AE9C89 /* UIView+WebCacheOperation.h */,
				D7217C3F1E5A7E2E00AE9C89 /* UIView+WebCacheOperation.m */,
			);
			path = SDWebImage;
			sourceTree = "<group>";
		};
		D7217C501E5A94F900AE9C89 /* 课堂反馈 */ = {
			isa = PBXGroup;
			children = (
				D7F3B0D21E554C8E00FA620D /* FeedBackViewController.h */,
				D7F3B0D31E554C8E00FA620D /* FeedBackViewController.m */,
				D728BA7F1E6115FD000FFF4F /* 反馈详情 */,
			);
			name = "课堂反馈";
			sourceTree = "<group>";
		};
		D7217C551E5AC53B00AE9C89 /* 关于我们 */ = {
			isa = PBXGroup;
			children = (
				D7217C561E5AC62000AE9C89 /* ExplainViewController.h */,
				D7217C571E5AC62000AE9C89 /* ExplainViewController.m */,
			);
			name = "关于我们";
			sourceTree = "<group>";
		};
		D72447241E5290E8003DBCE4 = {
			isa = PBXGroup;
			children = (
				D724472F1E5290E8003DBCE4 /* BoYuanJiaoYu */,
				D72447491E5290E8003DBCE4 /* BoYuanJiaoYuTests */,
				D72447541E5290E8003DBCE4 /* BoYuanJiaoYuUITests */,
				D724472E1E5290E8003DBCE4 /* Products */,
				D75DB9521E8B3CB4001A746C /* Frameworks */,
			);
			sourceTree = "<group>";
		};
		D724472E1E5290E8003DBCE4 /* Products */ = {
			isa = PBXGroup;
			children = (
				D724472D1E5290E8003DBCE4 /* BoYuanJiaoYu.app */,
				D72447461E5290E8003DBCE4 /* BoYuanJiaoYuTests.xctest */,
				D72447511E5290E8003DBCE4 /* BoYuanJiaoYuUITests.xctest */,
			);
			name = Products;
			sourceTree = "<group>";
		};
		D724472F1E5290E8003DBCE4 /* BoYuanJiaoYu */ = {
			isa = PBXGroup;
			children = (
				D7547C3B1E84FCE00051C94E /* BoYuanJiaoYu.entitlements */,
				D75DB94C1E8B3C37001A746C /* JPush */,
				D2A460D81E667D2B0013035F /* 网络连接及宏定义 */,
				D7217C1E1E5A7E2E00AE9C89 /* SDWebImage */,
				D7217BF81E5A7E2700AE9C89 /* SBJSON */,
				D7217BE41E5A7E1E00AE9C89 /* AFNetworking 3.0.4 */,
				D7217BE11E5A7BF500AE9C89 /* Color+Hex.h */,
				D7217BE21E5A7BF500AE9C89 /* Color+Hex.m */,
				D7217BDB1E5A7BD900AE9C89 /* MBProgressHUD.h */,
				D7217BDC1E5A7BD900AE9C89 /* MBProgressHUD.m */,
				D7217BDD1E5A7BD900AE9C89 /* WarningBox.h */,
				D7217BDE1E5A7BD900AE9C89 /* WarningBox.m */,
				D72447631E52D4EC003DBCE4 /* Image */,
				D72447331E5290E8003DBCE4 /* AppDelegate.h */,
				D72447341E5290E8003DBCE4 /* AppDelegate.m */,
				D72447361E5290E8003DBCE4 /* ViewController.h */,
				D72447371E5290E8003DBCE4 /* ViewController.m */,
				D72447C11E52F439003DBCE4 /* TabBarViewController.h */,
				D72447C21E52F439003DBCE4 /* TabBarViewController.m */,
				D72B31AE1E5FD43E0092B9C2 /* 通知 */,
				D72447BA1E52E58C003DBCE4 /* 考勤 */,
				D729DD381E53FC1C00A67C07 /* 学习档案 */,
				D729DD371E53FC1800A67C07 /* 课程中心 */,
				D729DD361E53FC1500A67C07 /* 个人中心 */,
				D72447391E5290E8003DBCE4 /* Main.storyboard */,
				D724473C1E5290E8003DBCE4 /* Assets.xcassets */,
				D724473E1E5290E8003DBCE4 /* LaunchScreen.storyboard */,
				D72447411E5290E8003DBCE4 /* Info.plist */,
				D72447301E5290E8003DBCE4 /* Supporting Files */,
			);
			path = BoYuanJiaoYu;
			sourceTree = "<group>";
		};
		D72447301E5290E8003DBCE4 /* Supporting Files */ = {
			isa = PBXGroup;
			children = (
				D72447311E5290E8003DBCE4 /* main.m */,
			);
			name = "Supporting Files";
			sourceTree = "<group>";
		};
		D72447491E5290E8003DBCE4 /* BoYuanJiaoYuTests */ = {
			isa = PBXGroup;
			children = (
				D724474A1E5290E8003DBCE4 /* BoYuanJiaoYuTests.m */,
				D724474C1E5290E8003DBCE4 /* Info.plist */,
			);
			path = BoYuanJiaoYuTests;
			sourceTree = "<group>";
		};
		D72447541E5290E8003DBCE4 /* BoYuanJiaoYuUITests */ = {
			isa = PBXGroup;
			children = (
				D72447551E5290E8003DBCE4 /* BoYuanJiaoYuUITests.m */,
				D72447571E5290E8003DBCE4 /* Info.plist */,
			);
			path = BoYuanJiaoYuUITests;
			sourceTree = "<group>";
		};
		D72447631E52D4EC003DBCE4 /* Image */ = {
			isa = PBXGroup;
			children = (
				D749C6D41EB8623800D19AE7 /* 消息背景.png */,
				D749C6D21EB8609600D19AE7 /* 试题背景.png */,
				D749C6D01EB8528000D19AE7 /* 通知列表小标.png */,
				D749C6CE1EB8523200D19AE7 /* 通知详情.png */,
				D72EE6B81E7A2BE60057FBEC /* 新消息提示-2.png */,
				D72B31A41E5FC5870092B9C2 /* 更换手机号.png */,
				D72B31A51E5FC5870092B9C2 /* 无错题.png */,
				D72B31A61E5FC5870092B9C2 /* 无反馈.png */,
				D72B31A71E5FC5870092B9C2 /* 无考勤.png */,
				D72B31A81E5FC5870092B9C2 /* 无历史.png */,
				D7308B801E5D228C00FF19CD /* next.png */,
				D70ED4DC1E57E3670045038C /* xxda_y.png */,
				D70ED4DD1E57E3670045038C /* xxda_w.png */,
				D70ED4D81E57E3150045038C /* grzx_y.png */,
				D70ED4D91E57E3150045038C /* grzx_w.png */,
				D70ED4D41E57E2BB0045038C /* kczx_y.png */,
				D70ED4D51E57E2BB0045038C /* kczx_w.png */,
				D70ED4D21E57E1970045038C /* kq_y.png */,
				D70ED4D01E57E1460045038C /* kq_w.png */,
				D7F3B0D91E557A3400FA620D /* ceshi.png */,
				D7F3B0DA1E557A3400FA620D /* zuoye.png */,
				D729DD341E53E51500A67C07 /* banyuan.png */,
				D72447C41E52F527003DBCE4 /* back@2x.png */,
				D72447641E52D521003DBCE4 /* 考勤背景.png */,
				D72447651E52D521003DBCE4 /* 课程-背景.png */,
				D72447661E52D521003DBCE4 /* 课程-查看详情.png */,
				D72447671E52D521003DBCE4 /* 课程-查看详情2.png */,
				D72447681E52D521003DBCE4 /* 课程-老师.png */,
				D72447691E52D521003DBCE4 /* 课程-老师2.png */,
				D724476A1E52D521003DBCE4 /* 课程-年级.png */,
				D724476B1E52D521003DBCE4 /* 课程-年级2.png */,
				D724476C1E52D521003DBCE4 /* 课程-已报名.png */,
				D724476D1E52D521003DBCE4 /* 课程-已报名2.png */,
				D724476E1E52D521003DBCE4 /* 没课.png */,
				D724476F1E52D521003DBCE4 /* 微博.png */,
				D72447701E52D521003DBCE4 /* 微信.png */,
				D72447711E52D521003DBCE4 /* 下箭头.png */,
				D72447721E52D521003DBCE4 /* 邀请家人弹窗.png */,
				D72447731E52D521003DBCE4 /* attendance_history.png */,
				D72447751E52D521003DBCE4 /* cuoti.png */,
				D72447761E52D521003DBCE4 /* edit.png */,
				D72447771E52D521003DBCE4 /* family.png */,
				D72447781E52D521003DBCE4 /* fankui.png */,
				D724477B1E52D521003DBCE4 /* gunayu.png */,
				D724477C1E52D521003DBCE4 /* head.png */,
				D724477D1E52D521003DBCE4 /* item_beizhu.png */,
				D724477E1E52D521003DBCE4 /* item_teacher.png */,
				D724477F1E52D521003DBCE4 /* item_time.png */,
				D72447841E52D521003DBCE4 /* modify_ password.png */,
				D72447861E52D521003DBCE4 /* password.png */,
				D72447871E52D521003DBCE4 /* QQ.png */,
				D72447881E52D521003DBCE4 /* teacher.png */,
				D72447891E52D521003DBCE4 /* update.png */,
				D724478A1E52D521003DBCE4 /* user.png */,
				D724478B1E52D521003DBCE4 /* xuexi_bg.png */,
			);
			name = Image;
			sourceTree = "<group>";
		};
		D72447BA1E52E58C003DBCE4 /* 考勤 */ = {
			isa = PBXGroup;
			children = (
				D72447BB1E52E5A8003DBCE4 /* AttendanceViewController.h */,
				D72447BC1E52E5A8003DBCE4 /* AttendanceViewController.m */,
				D72447BE1E52E5C2003DBCE4 /* AttenHistoryViewController.h */,
				D72447BF1E52E5C2003DBCE4 /* AttenHistoryViewController.m */,
				D72F75B51E66BBB8004FBCA6 /* AttHisInfoViewController.h */,
				D72F75B61E66BBB8004FBCA6 /* AttHisInfoViewController.m */,
			);
			name = "考勤";
			sourceTree = "<group>";
		};
		D728BA7F1E6115FD000FFF4F /* 反馈详情 */ = {
			isa = PBXGroup;
			children = (
				D728BA801E61161E000FFF4F /* BackInfoViewController.h */,
				D728BA811E61161E000FFF4F /* BackInfoViewController.m */,
			);
			name = "反馈详情";
			sourceTree = "<group>";
		};
		D729DD361E53FC1500A67C07 /* 个人中心 */ = {
			isa = PBXGroup;
			children = (
				D729DD391E53FC5B00A67C07 /* OwnerViewController.h */,
				D729DD3A1E53FC5B00A67C07 /* OwnerViewController.m */,
				D72F75B11E669C48004FBCA6 /* 更换手机号 */,
				D72F75AD1E669C27004FBCA6 /* 设置密码 */,
				D73180D41E5C381900C85384 /* 学生与家长信息 */,
				D7217C551E5AC53B00AE9C89 /* 关于我们 */,
			);
			name = "个人中心";
			sourceTree = "<group>";
		};
		D729DD371E53FC1800A67C07 /* 课程中心 */ = {
			isa = PBXGroup;
			children = (
				D729DD3C1E541B1100A67C07 /* ClassCenterViewController.h */,
				D729DD3D1E541B1100A67C07 /* ClassCenterViewController.m */,
				D7343ACC1E6FD5FC00DDBCAC /* MyCollectionViewCell.h */,
				D7343ACD1E6FD5FC00DDBCAC /* MyCollectionViewCell.m */,
				D729DD3F1E5429FE00A67C07 /* 详情 */,
			);
			name = "课程中心";
			sourceTree = "<group>";
		};
		D729DD381E53FC1C00A67C07 /* 学习档案 */ = {
			isa = PBXGroup;
			children = (
				D7217C511E5A956900AE9C89 /* StuRecordViewController.h */,
				D7217C521E5A956900AE9C89 /* StuRecordViewController.m */,
				D7217C501E5A94F900AE9C89 /* 课堂反馈 */,
				D708AD7D1E567DBE00DFB98D /* 错题记录 */,
			);
			name = "学习档案";
			sourceTree = "<group>";
		};
		D729DD3F1E5429FE00A67C07 /* 详情 */ = {
			isa = PBXGroup;
			children = (
				D729DD401E542BEF00A67C07 /* ClassInfoViewController.h */,
				D729DD411E542BEF00A67C07 /* ClassInfoViewController.m */,
			);
			name = "详情";
			sourceTree = "<group>";
		};
		D72B31AE1E5FD43E0092B9C2 /* 通知 */ = {
			isa = PBXGroup;
			children = (
				D72B31AF1E5FD46C0092B9C2 /* NoteListViewController.h */,
				D72B31B01E5FD46C0092B9C2 /* NoteListViewController.m */,
				D72B31B21E5FD47E0092B9C2 /* NoteInfoViewController.h */,
				D72B31B31E5FD47E0092B9C2 /* NoteInfoViewController.m */,
			);
			name = "通知";
			sourceTree = "<group>";
		};
		D72F75AD1E669C27004FBCA6 /* 设置密码 */ = {
			isa = PBXGroup;
			children = (
				D72F75AE1E669C44004FBCA6 /* SetPassViewController.h */,
				D72F75AF1E669C44004FBCA6 /* SetPassViewController.m */,
			);
			name = "设置密码";
			sourceTree = "<group>";
		};
		D72F75B11E669C48004FBCA6 /* 更换手机号 */ = {
			isa = PBXGroup;
			children = (
				D72F75B21E669C5F004FBCA6 /* ChangePhoneViewController.h */,
				D72F75B31E669C5F004FBCA6 /* ChangePhoneViewController.m */,
			);
			name = "更换手机号";
			sourceTree = "<group>";
		};
		D73180D41E5C381900C85384 /* 学生与家长信息 */ = {
			isa = PBXGroup;
			children = (
				D73180D51E5C384600C85384 /* StuInfoTableViewController.h */,
				D73180D61E5C384600C85384 /* StuInfoTableViewController.m */,
			);
			name = "学生与家长信息";
			sourceTree = "<group>";
		};
		D75DB94C1E8B3C37001A746C /* JPush */ = {
			isa = PBXGroup;
			children = (
				D75DB94D1E8B3C51001A746C /* jcore-ios-1.1.1.a */,
				D75DB94E1E8B3C51001A746C /* jpush-ios-3.0.2.a */,
				D75DB94F1E8B3C51001A746C /* JPUSHService.h */,
			);
			name = JPush;
			sourceTree = "<group>";
		};
		D75DB9521E8B3CB4001A746C /* Frameworks */ = {
			isa = PBXGroup;
			children = (
				D75DB9691E8B3D46001A746C /* AdSupport.framework */,
				D75DB9671E8B3D2D001A746C /* libresolv.tbd */,
				D75DB9651E8B3D21001A746C /* UserNotifications.framework */,
				D75DB9631E8B3D07001A746C /* libz.tbd */,
				D75DB9611E8B3CFC001A746C /* Security.framework */,
				D75DB95F1E8B3CF3001A746C /* UIKit.framework */,
				D75DB95D1E8B3CE4001A746C /* Foundation.framework */,
				D75DB95B1E8B3CDD001A746C /* CoreGraphics.framework */,
				D75DB9591E8B3CD6001A746C /* SystemConfiguration.framework */,
				D75DB9571E8B3CCD001A746C /* CoreTelephony.framework */,
				D75DB9551E8B3CBF001A746C /* CoreFoundation.framework */,
				D75DB9531E8B3CB4001A746C /* CFNetwork.framework */,
			);
			name = Frameworks;
			sourceTree = "<group>";
		};
/* End PBXGroup section */

/* Begin PBXNativeTarget section */
		D724472C1E5290E8003DBCE4 /* BoYuanJiaoYu */ = {
			isa = PBXNativeTarget;
			buildConfigurationList = D724475A1E5290E8003DBCE4 /* Build configuration list for PBXNativeTarget "BoYuanJiaoYu" */;
			buildPhases = (
				D72447291E5290E8003DBCE4 /* Sources */,
				D724472A1E5290E8003DBCE4 /* Frameworks */,
				D724472B1E5290E8003DBCE4 /* Resources */,
			);
			buildRules = (
			);
			dependencies = (
			);
			name = BoYuanJiaoYu;
			productName = BoYuanJiaoYu;
			productReference = D724472D1E5290E8003DBCE4 /* BoYuanJiaoYu.app */;
			productType = "com.apple.product-type.application";
		};
		D72447451E5290E8003DBCE4 /* BoYuanJiaoYuTests */ = {
			isa = PBXNativeTarget;
			buildConfigurationList = D724475D1E5290E8003DBCE4 /* Build configuration list for PBXNativeTarget "BoYuanJiaoYuTests" */;
			buildPhases = (
				D72447421E5290E8003DBCE4 /* Sources */,
				D72447431E5290E8003DBCE4 /* Frameworks */,
				D72447441E5290E8003DBCE4 /* Resources */,
			);
			buildRules = (
			);
			dependencies = (
				D72447481E5290E8003DBCE4 /* PBXTargetDependency */,
			);
			name = BoYuanJiaoYuTests;
			productName = BoYuanJiaoYuTests;
			productReference = D72447461E5290E8003DBCE4 /* BoYuanJiaoYuTests.xctest */;
			productType = "com.apple.product-type.bundle.unit-test";
		};
		D72447501E5290E8003DBCE4 /* BoYuanJiaoYuUITests */ = {
			isa = PBXNativeTarget;
			buildConfigurationList = D72447601E5290E8003DBCE4 /* Build configuration list for PBXNativeTarget "BoYuanJiaoYuUITests" */;
			buildPhases = (
				D724474D1E5290E8003DBCE4 /* Sources */,
				D724474E1E5290E8003DBCE4 /* Frameworks */,
				D724474F1E5290E8003DBCE4 /* Resources */,
			);
			buildRules = (
			);
			dependencies = (
				D72447531E5290E8003DBCE4 /* PBXTargetDependency */,
			);
			name = BoYuanJiaoYuUITests;
			productName = BoYuanJiaoYuUITests;
			productReference = D72447511E5290E8003DBCE4 /* BoYuanJiaoYuUITests.xctest */;
			productType = "com.apple.product-type.bundle.ui-testing";
		};
/* End PBXNativeTarget section */

/* Begin PBXProject section */
		D72447251E5290E8003DBCE4 /* Project object */ = {
			isa = PBXProject;
			attributes = {
				LastUpgradeCheck = 0810;
				ORGANIZATIONNAME = BeiGe;
				TargetAttributes = {
					D724472C1E5290E8003DBCE4 = {
						CreatedOnToolsVersion = 8.1;
						DevelopmentTeam = GP8BUACAG4;
						ProvisioningStyle = Automatic;
						SystemCapabilities = {
							com.apple.Push = {
								enabled = 1;
							};
						};
					};
					D72447451E5290E8003DBCE4 = {
						CreatedOnToolsVersion = 8.1;
						DevelopmentTeam = GP8BUACAG4;
						ProvisioningStyle = Automatic;
						TestTargetID = D724472C1E5290E8003DBCE4;
					};
					D72447501E5290E8003DBCE4 = {
						CreatedOnToolsVersion = 8.1;
						DevelopmentTeam = GP8BUACAG4;
						ProvisioningStyle = Automatic;
						TestTargetID = D724472C1E5290E8003DBCE4;
					};
				};
			};
			buildConfigurationList = D72447281E5290E8003DBCE4 /* Build configuration list for PBXProject "BoYuanJiaoYu" */;
			compatibilityVersion = "Xcode 3.2";
			developmentRegion = English;
			hasScannedForEncodings = 0;
			knownRegions = (
				en,
				Base,
			);
			mainGroup = D72447241E5290E8003DBCE4;
			productRefGroup = D724472E1E5290E8003DBCE4 /* Products */;
			projectDirPath = "";
			projectRoot = "";
			targets = (
				D724472C1E5290E8003DBCE4 /* BoYuanJiaoYu */,
				D72447451E5290E8003DBCE4 /* BoYuanJiaoYuTests */,
				D72447501E5290E8003DBCE4 /* BoYuanJiaoYuUITests */,
			);
		};
/* End PBXProject section */

/* Begin PBXResourcesBuildPhase section */
		D724472B1E5290E8003DBCE4 /* Resources */ = {
			isa = PBXResourcesBuildPhase;
			buildActionMask = 2147483647;
			files = (
				D72447A81E52D522003DBCE4 /* item_beizhu.png in Resources */,
				D749C6D11EB8528000D19AE7 /* 通知列表小标.png in Resources */,
				D724479E1E52D522003DBCE4 /* attendance_history.png in Resources */,
				D72447981E52D522003DBCE4 /* 课程-已报名2.png in Resources */,
				D72447AF1E52D522003DBCE4 /* modify_ password.png in Resources */,
				D72B31AD1E5FC5870092B9C2 /* 无历史.png in Resources */,
				D70ED4DE1E57E3670045038C /* xxda_y.png in Resources */,
				D72447941E52D522003DBCE4 /* 课程-老师2.png in Resources */,
				D72447901E52D522003DBCE4 /* 课程-背景.png in Resources */,
				D72447B41E52D522003DBCE4 /* update.png in Resources */,
				D72447921E52D522003DBCE4 /* 课程-查看详情2.png in Resources */,
				D72447B31E52D522003DBCE4 /* teacher.png in Resources */,
				D72447A91E52D522003DBCE4 /* item_teacher.png in Resources */,
				D749C6D51EB8623800D19AE7 /* 消息背景.png in Resources */,
				D72447991E52D522003DBCE4 /* 没课.png in Resources */,
				D72447971E52D522003DBCE4 /* 课程-已报名.png in Resources */,
				D72447B21E52D522003DBCE4 /* QQ.png in Resources */,
				D72447B11E52D522003DBCE4 /* password.png in Resources */,
				D72B31AB1E5FC5870092B9C2 /* 无反馈.png in Resources */,
				D72447A21E52D522003DBCE4 /* family.png in Resources */,
				D724479D1E52D522003DBCE4 /* 邀请家人弹窗.png in Resources */,
				D72447401E5290E8003DBCE4 /* LaunchScreen.storyboard in Resources */,
				D70ED4D71E57E2BB0045038C /* kczx_w.png in Resources */,
				D72447931E52D522003DBCE4 /* 课程-老师.png in Resources */,
				D724479C1E52D522003DBCE4 /* 下箭头.png in Resources */,
				D724479B1E52D522003DBCE4 /* 微信.png in Resources */,
				D72447951E52D522003DBCE4 /* 课程-年级.png in Resources */,
				D724478F1E52D521003DBCE4 /* 考勤背景.png in Resources */,
				D72447A11E52D522003DBCE4 /* edit.png in Resources */,
				D7F3B0DB1E557A3400FA620D /* ceshi.png in Resources */,
				D7308B811E5D228C00FF19CD /* next.png in Resources */,
				D70ED4D11E57E1460045038C /* kq_w.png in Resources */,
				D72447A01E52D522003DBCE4 /* cuoti.png in Resources */,
				D724479A1E52D522003DBCE4 /* 微博.png in Resources */,
				D70ED4D61E57E2BB0045038C /* kczx_y.png in Resources */,
				D72447B51E52D522003DBCE4 /* user.png in Resources */,
				D72447A31E52D522003DBCE4 /* fankui.png in Resources */,
				D72B31AA1E5FC5870092B9C2 /* 无错题.png in Resources */,
				D724473D1E5290E8003DBCE4 /* Assets.xcassets in Resources */,
				D72447961E52D522003DBCE4 /* 课程-年级2.png in Resources */,
				D72447C51E52F527003DBCE4 /* back@2x.png in Resources */,
				D72447AA1E52D522003DBCE4 /* item_time.png in Resources */,
				D7F3B0DC1E557A3400FA620D /* zuoye.png in Resources */,
				D724473B1E5290E8003DBCE4 /* Main.storyboard in Resources */,
				D72447A71E52D522003DBCE4 /* head.png in Resources */,
				D72B31A91E5FC5870092B9C2 /* 更换手机号.png in Resources */,
				D70ED4DF1E57E3670045038C /* xxda_w.png in Resources */,
				D729DD351E53E51500A67C07 /* banyuan.png in Resources */,
				D72B31AC1E5FC5870092B9C2 /* 无考勤.png in Resources */,
				D72447B61E52D522003DBCE4 /* xuexi_bg.png in Resources */,
				D749C6CF1EB8523200D19AE7 /* 通知详情.png in Resources */,
				D70ED4DA1E57E3150045038C /* grzx_y.png in Resources */,
				D72447911E52D522003DBCE4 /* 课程-查看详情.png in Resources */,
				D72EE6B91E7A2BE60057FBEC /* 新消息提示-2.png in Resources */,
				D72447A61E52D522003DBCE4 /* gunayu.png in Resources */,
				D749C6D31EB8609600D19AE7 /* 试题背景.png in Resources */,
				D70ED4DB1E57E3150045038C /* grzx_w.png in Resources */,
				D70ED4D31E57E1970045038C /* kq_y.png in Resources */,
			);
			runOnlyForDeploymentPostprocessing = 0;
		};
		D72447441E5290E8003DBCE4 /* Resources */ = {
			isa = PBXResourcesBuildPhase;
			buildActionMask = 2147483647;
			files = (
			);
			runOnlyForDeploymentPostprocessing = 0;
		};
		D724474F1E5290E8003DBCE4 /* Resources */ = {
			isa = PBXResourcesBuildPhase;
			buildActionMask = 2147483647;
			files = (
			);
			runOnlyForDeploymentPostprocessing = 0;
		};
/* End PBXResourcesBuildPhase section */

/* Begin PBXSourcesBuildPhase section */
		D72447291E5290E8003DBCE4 /* Sources */ = {
			isa = PBXSourcesBuildPhase;
			buildActionMask = 2147483647;
			files = (
				D72B31B41E5FD47E0092B9C2 /* NoteInfoViewController.m in Sources */,
				D7217C4D1E5A7E2E00AE9C89 /* UIImageView+HighlightedWebCache.m in Sources */,
				D72447C01E52E5C2003DBCE4 /* AttenHistoryViewController.m in Sources */,
				D7217C161E5A7E2700AE9C89 /* SBJsonStreamParserAdapter.m in Sources */,
				D7217BE31E5A7BF500AE9C89 /* Color+Hex.m in Sources */,
				D7217C151E5A7E2700AE9C89 /* SBJsonStreamParserAccumulator.m in Sources */,
				D7F3B0D41E554C8E00FA620D /* FeedBackViewController.m in Sources */,
				D7217C4E1E5A7E2E00AE9C89 /* UIImageView+WebCache.m in Sources */,
				D72447381E5290E8003DBCE4 /* ViewController.m in Sources */,
				D72F75B01E669C44004FBCA6 /* SetPassViewController.m in Sources */,
				D72447351E5290E8003DBCE4 /* AppDelegate.m in Sources */,
				D7217C491E5A7E2E00AE9C89 /* UIButton+WebCache.m in Sources */,
				D72F75B71E66BBB8004FBCA6 /* AttHisInfoViewController.m in Sources */,
				D7217BF71E5A7E1E00AE9C89 /* AFURLSessionManager.m in Sources */,
				D729DD3B1E53FC5B00A67C07 /* OwnerViewController.m in Sources */,
				D7217C141E5A7E2700AE9C89 /* SBJsonStreamParser.m in Sources */,
				D7217C4A1E5A7E2E00AE9C89 /* UIImage+GIF.m in Sources */,
				D7217C481E5A7E2E00AE9C89 /* SDWebImagePrefetcher.m in Sources */,
				D7217C191E5A7E2700AE9C89 /* SBJsonStreamWriterAccumulator.m in Sources */,
				D7217C581E5AC62000AE9C89 /* ExplainViewController.m in Sources */,
				D75F6DBA1E76433C00037E3E /* RecordInfoViewController.m in Sources */,
				D7217C1B1E5A7E2700AE9C89 /* SBJsonTokeniser.m in Sources */,
				D7217C181E5A7E2700AE9C89 /* SBJsonStreamWriter.m in Sources */,
				D7217C431E5A7E2E00AE9C89 /* SDWebImageCompat.m in Sources */,
				D728BA821E61161E000FFF4F /* BackInfoViewController.m in Sources */,
				D7217C451E5A7E2E00AE9C89 /* SDWebImageDownloader.m in Sources */,
				D7217C461E5A7E2E00AE9C89 /* SDWebImageDownloaderOperation.m in Sources */,
				D72B31B11E5FD46C0092B9C2 /* NoteListViewController.m in Sources */,
				D7217C441E5A7E2E00AE9C89 /* SDWebImageDecoder.m in Sources */,
				D7217C471E5A7E2E00AE9C89 /* SDWebImageManager.m in Sources */,
				D7217BF31E5A7E1E00AE9C89 /* AFNetworkReachabilityManager.m in Sources */,
				D729DD3E1E541B1100A67C07 /* ClassCenterViewController.m in Sources */,
				D72447321E5290E8003DBCE4 /* main.m in Sources */,
				D7217BF61E5A7E1E00AE9C89 /* AFURLResponseSerialization.m in Sources */,
				D7217C1A1E5A7E2700AE9C89 /* SBJsonStreamWriterState.m in Sources */,
				D7217C4F1E5A7E2E00AE9C89 /* UIView+WebCacheOperation.m in Sources */,
				D7217BF51E5A7E1E00AE9C89 /* AFURLRequestSerialization.m in Sources */,
				D7217C531E5A956900AE9C89 /* StuRecordViewController.m in Sources */,
				D7217C171E5A7E2700AE9C89 /* SBJsonStreamParserState.m in Sources */,
				D7217BF41E5A7E1E00AE9C89 /* AFSecurityPolicy.m in Sources */,
				D7217C1D1E5A7E2700AE9C89 /* SBJsonWriter.m in Sources */,
				D7217C121E5A7E2700AE9C89 /* NSObject+SBJson.m in Sources */,
				D7217C401E5A7E2E00AE9C89 /* MKAnnotationView+WebCache.m in Sources */,
				D7217C4B1E5A7E2E00AE9C89 /* UIImage+MultiFormat.m in Sources */,
				D7217BDF1E5A7BD900AE9C89 /* MBProgressHUD.m in Sources */,
				D7217C131E5A7E2700AE9C89 /* SBJsonParser.m in Sources */,
				D7217C411E5A7E2E00AE9C89 /* NSData+ImageContentType.m in Sources */,
				D708AD801E567DDB00DFB98D /* RecordViewController.m in Sources */,
				D2A460DC1E667FD30013035F /* XL_wangluo.m in Sources */,
				D7343ACE1E6FD5FC00DDBCAC /* MyCollectionViewCell.m in Sources */,
				D7217C4C1E5A7E2E00AE9C89 /* UIImage+WebP.m in Sources */,
				D72447C31E52F439003DBCE4 /* TabBarViewController.m in Sources */,
				D7217C1C1E5A7E2700AE9C89 /* SBJsonUTF8Stream.m in Sources */,
				D72F75B41E669C5F004FBCA6 /* ChangePhoneViewController.m in Sources */,
				D729DD421E542BEF00A67C07 /* ClassInfoViewController.m in Sources */,
				D7217BF21E5A7E1E00AE9C89 /* AFHTTPSessionManager.m in Sources */,
				D7217BE01E5A7BD900AE9C89 /* WarningBox.m in Sources */,
				D72447BD1E52E5A8003DBCE4 /* AttendanceViewController.m in Sources */,
				D73180D71E5C384600C85384 /* StuInfoTableViewController.m in Sources */,
				D7217C421E5A7E2E00AE9C89 /* SDImageCache.m in Sources */,
			);
			runOnlyForDeploymentPostprocessing = 0;
		};
		D72447421E5290E8003DBCE4 /* Sources */ = {
			isa = PBXSourcesBuildPhase;
			buildActionMask = 2147483647;
			files = (
				D724474B1E5290E8003DBCE4 /* BoYuanJiaoYuTests.m in Sources */,
			);
			runOnlyForDeploymentPostprocessing = 0;
		};
		D724474D1E5290E8003DBCE4 /* Sources */ = {
			isa = PBXSourcesBuildPhase;
			buildActionMask = 2147483647;
			files = (
				D72447561E5290E8003DBCE4 /* BoYuanJiaoYuUITests.m in Sources */,
			);
			runOnlyForDeploymentPostprocessing = 0;
		};
/* End PBXSourcesBuildPhase section */

/* Begin PBXTargetDependency section */
		D72447481E5290E8003DBCE4 /* PBXTargetDependency */ = {
			isa = PBXTargetDependency;
			target = D724472C1E5290E8003DBCE4 /* BoYuanJiaoYu */;
			targetProxy = D72447471E5290E8003DBCE4 /* PBXContainerItemProxy */;
		};
		D72447531E5290E8003DBCE4 /* PBXTargetDependency */ = {
			isa = PBXTargetDependency;
			target = D724472C1E5290E8003DBCE4 /* BoYuanJiaoYu */;
			targetProxy = D72447521E5290E8003DBCE4 /* PBXContainerItemProxy */;
		};
/* End PBXTargetDependency section */

/* Begin PBXVariantGroup section */
		D72447391E5290E8003DBCE4 /* Main.storyboard */ = {
			isa = PBXVariantGroup;
			children = (
				D724473A1E5290E8003DBCE4 /* Base */,
			);
			name = Main.storyboard;
			sourceTree = "<group>";
		};
		D724473E1E5290E8003DBCE4 /* LaunchScreen.storyboard */ = {
			isa = PBXVariantGroup;
			children = (
				D724473F1E5290E8003DBCE4 /* Base */,
			);
			name = LaunchScreen.storyboard;
			sourceTree = "<group>";
		};
/* End PBXVariantGroup section */

/* Begin XCBuildConfiguration section */
		D72447581E5290E8003DBCE4 /* Debug */ = {
			isa = XCBuildConfiguration;
			buildSettings = {
				ALWAYS_SEARCH_USER_PATHS = NO;
				CLANG_ANALYZER_NONNULL = YES;
				CLANG_CXX_LANGUAGE_STANDARD = "gnu++0x";
				CLANG_CXX_LIBRARY = "libc++";
				CLANG_ENABLE_MODULES = YES;
				CLANG_ENABLE_OBJC_ARC = YES;
				CLANG_WARN_BOOL_CONVERSION = YES;
				CLANG_WARN_CONSTANT_CONVERSION = YES;
				CLANG_WARN_DIRECT_OBJC_ISA_USAGE = YES_ERROR;
				CLANG_WARN_DOCUMENTATION_COMMENTS = YES;
				CLANG_WARN_EMPTY_BODY = YES;
				CLANG_WARN_ENUM_CONVERSION = YES;
				CLANG_WARN_INFINITE_RECURSION = YES;
				CLANG_WARN_INT_CONVERSION = YES;
				CLANG_WARN_OBJC_ROOT_CLASS = YES_ERROR;
				CLANG_WARN_SUSPICIOUS_MOVES = YES;
				CLANG_WARN_UNREACHABLE_CODE = YES;
				CLANG_WARN__DUPLICATE_METHOD_MATCH = YES;
				"CODE_SIGN_IDENTITY[sdk=iphoneos*]" = "iPhone Developer";
				COPY_PHASE_STRIP = NO;
				DEBUG_INFORMATION_FORMAT = dwarf;
				ENABLE_STRICT_OBJC_MSGSEND = YES;
				ENABLE_TESTABILITY = YES;
				GCC_C_LANGUAGE_STANDARD = gnu99;
				GCC_DYNAMIC_NO_PIC = NO;
				GCC_NO_COMMON_BLOCKS = YES;
				GCC_OPTIMIZATION_LEVEL = 0;
				GCC_PREPROCESSOR_DEFINITIONS = (
					"DEBUG=1",
					"$(inherited)",
				);
				GCC_WARN_64_TO_32_BIT_CONVERSION = YES;
				GCC_WARN_ABOUT_RETURN_TYPE = YES_ERROR;
				GCC_WARN_UNDECLARED_SELECTOR = YES;
				GCC_WARN_UNINITIALIZED_AUTOS = YES_AGGRESSIVE;
				GCC_WARN_UNUSED_FUNCTION = YES;
				GCC_WARN_UNUSED_VARIABLE = YES;
				IPHONEOS_DEPLOYMENT_TARGET = 10.1;
				MTL_ENABLE_DEBUG_INFO = YES;
				ONLY_ACTIVE_ARCH = YES;
				SDKROOT = iphoneos;
			};
			name = Debug;
		};
		D72447591E5290E8003DBCE4 /* Release */ = {
			isa = XCBuildConfiguration;
			buildSettings = {
				ALWAYS_SEARCH_USER_PATHS = NO;
				CLANG_ANALYZER_NONNULL = YES;
				CLANG_CXX_LANGUAGE_STANDARD = "gnu++0x";
				CLANG_CXX_LIBRARY = "libc++";
				CLANG_ENABLE_MODULES = YES;
				CLANG_ENABLE_OBJC_ARC = YES;
				CLANG_WARN_BOOL_CONVERSION = YES;
				CLANG_WARN_CONSTANT_CONVERSION = YES;
				CLANG_WARN_DIRECT_OBJC_ISA_USAGE = YES_ERROR;
				CLANG_WARN_DOCUMENTATION_COMMENTS = YES;
				CLANG_WARN_EMPTY_BODY = YES;
				CLANG_WARN_ENUM_CONVERSION = YES;
				CLANG_WARN_INFINITE_RECURSION = YES;
				CLANG_WARN_INT_CONVERSION = YES;
				CLANG_WARN_OBJC_ROOT_CLASS = YES_ERROR;
				CLANG_WARN_SUSPICIOUS_MOVES = YES;
				CLANG_WARN_UNREACHABLE_CODE = YES;
				CLANG_WARN__DUPLICATE_METHOD_MATCH = YES;
				"CODE_SIGN_IDENTITY[sdk=iphoneos*]" = "iPhone Developer";
				COPY_PHASE_STRIP = NO;
				DEBUG_INFORMATION_FORMAT = "dwarf-with-dsym";
				ENABLE_NS_ASSERTIONS = NO;
				ENABLE_STRICT_OBJC_MSGSEND = YES;
				GCC_C_LANGUAGE_STANDARD = gnu99;
				GCC_NO_COMMON_BLOCKS = YES;
				GCC_WARN_64_TO_32_BIT_CONVERSION = YES;
				GCC_WARN_ABOUT_RETURN_TYPE = YES_ERROR;
				GCC_WARN_UNDECLARED_SELECTOR = YES;
				GCC_WARN_UNINITIALIZED_AUTOS = YES_AGGRESSIVE;
				GCC_WARN_UNUSED_FUNCTION = YES;
				GCC_WARN_UNUSED_VARIABLE = YES;
				IPHONEOS_DEPLOYMENT_TARGET = 10.1;
				MTL_ENABLE_DEBUG_INFO = NO;
				SDKROOT = iphoneos;
				VALIDATE_PRODUCT = YES;
			};
			name = Release;
		};
		D724475B1E5290E8003DBCE4 /* Debug */ = {
			isa = XCBuildConfiguration;
			buildSettings = {
				ASSETCATALOG_COMPILER_APPICON_NAME = AppIcon;
				CODE_SIGN_ENTITLEMENTS = BoYuanJiaoYu/BoYuanJiaoYu.entitlements;
				DEVELOPMENT_TEAM = GP8BUACAG4;
				INFOPLIST_FILE = BoYuanJiaoYu/Info.plist;
				IPHONEOS_DEPLOYMENT_TARGET = 8.0;
				LD_RUNPATH_SEARCH_PATHS = "$(inherited) @executable_path/Frameworks";
				LIBRARY_SEARCH_PATHS = (
					"$(inherited)",
					"$(PROJECT_DIR)/BoYuanJiaoYu",
				);
				PRODUCT_BUNDLE_IDENTIFIER = zxc.BoYuanJiaoYu;
				PRODUCT_NAME = "$(TARGET_NAME)";
			};
			name = Debug;
		};
		D724475C1E5290E8003DBCE4 /* Release */ = {
			isa = XCBuildConfiguration;
			buildSettings = {
				ASSETCATALOG_COMPILER_APPICON_NAME = AppIcon;
				CODE_SIGN_ENTITLEMENTS = BoYuanJiaoYu/BoYuanJiaoYu.entitlements;
				DEVELOPMENT_TEAM = GP8BUACAG4;
				INFOPLIST_FILE = BoYuanJiaoYu/Info.plist;
				IPHONEOS_DEPLOYMENT_TARGET = 8.0;
				LD_RUNPATH_SEARCH_PATHS = "$(inherited) @executable_path/Frameworks";
				LIBRARY_SEARCH_PATHS = (
					"$(inherited)",
					"$(PROJECT_DIR)/BoYuanJiaoYu",
				);
				PRODUCT_BUNDLE_IDENTIFIER = zxc.BoYuanJiaoYu;
				PRODUCT_NAME = "$(TARGET_NAME)";
			};
			name = Release;
		};
		D724475E1E5290E8003DBCE4 /* Debug */ = {
			isa = XCBuildConfiguration;
			buildSettings = {
				BUNDLE_LOADER = "$(TEST_HOST)";
				DEVELOPMENT_TEAM = GP8BUACAG4;
				INFOPLIST_FILE = BoYuanJiaoYuTests/Info.plist;
				LD_RUNPATH_SEARCH_PATHS = "$(inherited) @executable_path/Frameworks @loader_path/Frameworks";
				PRODUCT_BUNDLE_IDENTIFIER = zxc.BoYuanJiaoYuTests;
				PRODUCT_NAME = "$(TARGET_NAME)";
				TEST_HOST = "$(BUILT_PRODUCTS_DIR)/BoYuanJiaoYu.app/BoYuanJiaoYu";
			};
			name = Debug;
		};
		D724475F1E5290E8003DBCE4 /* Release */ = {
			isa = XCBuildConfiguration;
			buildSettings = {
				BUNDLE_LOADER = "$(TEST_HOST)";
				DEVELOPMENT_TEAM = GP8BUACAG4;
				INFOPLIST_FILE = BoYuanJiaoYuTests/Info.plist;
				LD_RUNPATH_SEARCH_PATHS = "$(inherited) @executable_path/Frameworks @loader_path/Frameworks";
				PRODUCT_BUNDLE_IDENTIFIER = zxc.BoYuanJiaoYuTests;
				PRODUCT_NAME = "$(TARGET_NAME)";
				TEST_HOST = "$(BUILT_PRODUCTS_DIR)/BoYuanJiaoYu.app/BoYuanJiaoYu";
			};
			name = Release;
		};
		D72447611E5290E8003DBCE4 /* Debug */ = {
			isa = XCBuildConfiguration;
			buildSettings = {
				DEVELOPMENT_TEAM = GP8BUACAG4;
				INFOPLIST_FILE = BoYuanJiaoYuUITests/Info.plist;
				LD_RUNPATH_SEARCH_PATHS = "$(inherited) @executable_path/Frameworks @loader_path/Frameworks";
				PRODUCT_BUNDLE_IDENTIFIER = zxc.BoYuanJiaoYuUITests;
				PRODUCT_NAME = "$(TARGET_NAME)";
				TEST_TARGET_NAME = BoYuanJiaoYu;
			};
			name = Debug;
		};
		D72447621E5290E8003DBCE4 /* Release */ = {
			isa = XCBuildConfiguration;
			buildSettings = {
				DEVELOPMENT_TEAM = GP8BUACAG4;
				INFOPLIST_FILE = BoYuanJiaoYuUITests/Info.plist;
				LD_RUNPATH_SEARCH_PATHS = "$(inherited) @executable_path/Frameworks @loader_path/Frameworks";
				PRODUCT_BUNDLE_IDENTIFIER = zxc.BoYuanJiaoYuUITests;
				PRODUCT_NAME = "$(TARGET_NAME)";
				TEST_TARGET_NAME = BoYuanJiaoYu;
			};
			name = Release;
		};
/* End XCBuildConfiguration section */

/* Begin XCConfigurationList section */
		D72447281E5290E8003DBCE4 /* Build configuration list for PBXProject "BoYuanJiaoYu" */ = {
			isa = XCConfigurationList;
			buildConfigurations = (
				D72447581E5290E8003DBCE4 /* Debug */,
				D72447591E5290E8003DBCE4 /* Release */,
			);
			defaultConfigurationIsVisible = 0;
			defaultConfigurationName = Release;
		};
		D724475A1E5290E8003DBCE4 /* Build configuration list for PBXNativeTarget "BoYuanJiaoYu" */ = {
			isa = XCConfigurationList;
			buildConfigurations = (
				D724475B1E5290E8003DBCE4 /* Debug */,
				D724475C1E5290E8003DBCE4 /* Release */,
			);
			defaultConfigurationIsVisible = 0;
			defaultConfigurationName = Release;
		};
		D724475D1E5290E8003DBCE4 /* Build configuration list for PBXNativeTarget "BoYuanJiaoYuTests" */ = {
			isa = XCConfigurationList;
			buildConfigurations = (
				D724475E1E5290E8003DBCE4 /* Debug */,
				D724475F1E5290E8003DBCE4 /* Release */,
			);
			defaultConfigurationIsVisible = 0;
			defaultConfigurationName = Release;
		};
		D72447601E5290E8003DBCE4 /* Build configuration list for PBXNativeTarget "BoYuanJiaoYuUITests" */ = {
			isa = XCConfigurationList;
			buildConfigurations = (
				D72447611E5290E8003DBCE4 /* Debug */,
				D72447621E5290E8003DBCE4 /* Release */,
			);
			defaultConfigurationIsVisible = 0;
			defaultConfigurationName = Release;
		};
/* End XCConfigurationList section */
	};
	rootObject = D72447251E5290E8003DBCE4 /* Project object */;
}
